// !$*UTF8*$!
{
	archiveVersion = 1;
	classes = {
	};
	objectVersion = 50;
	objects = {

/* Begin PBXBuildFile section */
		4E8D786F2467FB9000853CF3 /* LearnService.swift in Sources */ = {isa = PBXBuildFile; fileRef = 4E8D77CB2467FB9000853CF3 /* LearnService.swift */; };
		4E8D78702467FB9000853CF3 /* LearnDataProvider.swift in Sources */ = {isa = PBXBuildFile; fileRef = 4E8D77CC2467FB9000853CF3 /* LearnDataProvider.swift */; };
		4E8D78712467FB9000853CF3 /* LearnInteractor.swift in Sources */ = {isa = PBXBuildFile; fileRef = 4E8D77CD2467FB9000853CF3 /* LearnInteractor.swift */; };
		4E8D78722467FB9000853CF3 /* LearnRouter.swift in Sources */ = {isa = PBXBuildFile; fileRef = 4E8D77CE2467FB9000853CF3 /* LearnRouter.swift */; };
		4E8D78732467FB9000853CF3 /* LearnPresenter.swift in Sources */ = {isa = PBXBuildFile; fileRef = 4E8D77CF2467FB9000853CF3 /* LearnPresenter.swift */; };
		4E8D78742467FB9000853CF3 /* AttachedTableViewCell.xib in Resources */ = {isa = PBXBuildFile; fileRef = 4E8D77D22467FB9000853CF3 /* AttachedTableViewCell.xib */; };
		4E8D78752467FB9000853CF3 /* DocumentLearnTableViewCell.xib in Resources */ = {isa = PBXBuildFile; fileRef = 4E8D77D32467FB9000853CF3 /* DocumentLearnTableViewCell.xib */; };
		4E8D78762467FB9000853CF3 /* ProgrammsTableViewCell.xib in Resources */ = {isa = PBXBuildFile; fileRef = 4E8D77D42467FB9000853CF3 /* ProgrammsTableViewCell.xib */; };
		4E8D78772467FB9000853CF3 /* DocumentLearnTableViewCell.swift in Sources */ = {isa = PBXBuildFile; fileRef = 4E8D77D52467FB9000853CF3 /* DocumentLearnTableViewCell.swift */; };
		4E8D78782467FB9000853CF3 /* ProgrammsTableViewCell.swift in Sources */ = {isa = PBXBuildFile; fileRef = 4E8D77D62467FB9000853CF3 /* ProgrammsTableViewCell.swift */; };
		4E8D78792467FB9000853CF3 /* AttachedTableViewCell.swift in Sources */ = {isa = PBXBuildFile; fileRef = 4E8D77D72467FB9000853CF3 /* AttachedTableViewCell.swift */; };
		4E8D787A2467FB9000853CF3 /* HeaderLernView.swift in Sources */ = {isa = PBXBuildFile; fileRef = 4E8D77D92467FB9000853CF3 /* HeaderLernView.swift */; };
		4E8D787B2467FB9000853CF3 /* HeaderLearnTableViewCell.xib in Resources */ = {isa = PBXBuildFile; fileRef = 4E8D77DA2467FB9000853CF3 /* HeaderLearnTableViewCell.xib */; };
		4E8D787C2467FB9000853CF3 /* HeaderLearnTableViewCell.swift in Sources */ = {isa = PBXBuildFile; fileRef = 4E8D77DB2467FB9000853CF3 /* HeaderLearnTableViewCell.swift */; };
		4E8D787D2467FB9000853CF3 /* HeaderLearnView.xib in Resources */ = {isa = PBXBuildFile; fileRef = 4E8D77DC2467FB9000853CF3 /* HeaderLearnView.xib */; };
		4E8D787E2467FB9000853CF3 /* TopCollectionViewCell.xib in Resources */ = {isa = PBXBuildFile; fileRef = 4E8D77DE2467FB9000853CF3 /* TopCollectionViewCell.xib */; };
		4E8D787F2467FB9000853CF3 /* TopCollectionViewCell.swift in Sources */ = {isa = PBXBuildFile; fileRef = 4E8D77DF2467FB9000853CF3 /* TopCollectionViewCell.swift */; };
		4E8D78802467FB9000853CF3 /* LearnViewController.xib in Resources */ = {isa = PBXBuildFile; fileRef = 4E8D77E02467FB9000853CF3 /* LearnViewController.xib */; };
		4E8D78812467FB9000853CF3 /* LearnViewController.swift in Sources */ = {isa = PBXBuildFile; fileRef = 4E8D77E12467FB9000853CF3 /* LearnViewController.swift */; };
		4E8D78822467FB9000853CF3 /* LearnAssembly.swift in Sources */ = {isa = PBXBuildFile; fileRef = 4E8D77E22467FB9000853CF3 /* LearnAssembly.swift */; };
		4E8D78832467FB9000853CF3 /* WriteUsDataProvider.swift in Sources */ = {isa = PBXBuildFile; fileRef = 4E8D77E42467FB9000853CF3 /* WriteUsDataProvider.swift */; };
		4E8D78842467FB9000853CF3 /* WriteUsRouter.swift in Sources */ = {isa = PBXBuildFile; fileRef = 4E8D77E52467FB9000853CF3 /* WriteUsRouter.swift */; };
		4E8D78852467FB9000853CF3 /* WriteUsAssembly.swift in Sources */ = {isa = PBXBuildFile; fileRef = 4E8D77E62467FB9000853CF3 /* WriteUsAssembly.swift */; };
		4E8D78862467FB9000853CF3 /* WUTableViewCell.xib in Resources */ = {isa = PBXBuildFile; fileRef = 4E8D77EA2467FB9000853CF3 /* WUTableViewCell.xib */; };
		4E8D78872467FB9000853CF3 /* WUTableViewCell.swift in Sources */ = {isa = PBXBuildFile; fileRef = 4E8D77EB2467FB9000853CF3 /* WUTableViewCell.swift */; };
		4E8D78882467FB9000853CF3 /* WriteUsViewController.swift in Sources */ = {isa = PBXBuildFile; fileRef = 4E8D77EC2467FB9000853CF3 /* WriteUsViewController.swift */; };
		4E8D78892467FB9000853CF3 /* WriteUsViewController.xib in Resources */ = {isa = PBXBuildFile; fileRef = 4E8D77ED2467FB9000853CF3 /* WriteUsViewController.xib */; };
		4E8D788A2467FB9000853CF3 /* WriteUsInteractor.swift in Sources */ = {isa = PBXBuildFile; fileRef = 4E8D77EE2467FB9000853CF3 /* WriteUsInteractor.swift */; };
		4E8D788B2467FB9000853CF3 /* WriteUsService.swift in Sources */ = {isa = PBXBuildFile; fileRef = 4E8D77EF2467FB9000853CF3 /* WriteUsService.swift */; };
		4E8D788C2467FB9000853CF3 /* WriteUsPresenter.swift in Sources */ = {isa = PBXBuildFile; fileRef = 4E8D77F02467FB9000853CF3 /* WriteUsPresenter.swift */; };
		4E8D788D2467FB9000853CF3 /* ProfilePresenter.swift in Sources */ = {isa = PBXBuildFile; fileRef = 4E8D77F22467FB9000853CF3 /* ProfilePresenter.swift */; };
		4E8D788E2467FB9000853CF3 /* ProfileRouter.swift in Sources */ = {isa = PBXBuildFile; fileRef = 4E8D77F32467FB9000853CF3 /* ProfileRouter.swift */; };
		4E8D788F2467FB9000853CF3 /* ProfileAssembly.swift in Sources */ = {isa = PBXBuildFile; fileRef = 4E8D77F42467FB9000853CF3 /* ProfileAssembly.swift */; };
		4E8D78902467FB9000853CF3 /* ProfileDataProvider.swift in Sources */ = {isa = PBXBuildFile; fileRef = 4E8D77F52467FB9000853CF3 /* ProfileDataProvider.swift */; };
		4E8D78912467FB9000853CF3 /* ProfileService.swift in Sources */ = {isa = PBXBuildFile; fileRef = 4E8D77F62467FB9000853CF3 /* ProfileService.swift */; };
		4E8D78922467FB9000853CF3 /* ProfileEntity.swift in Sources */ = {isa = PBXBuildFile; fileRef = 4E8D77F72467FB9000853CF3 /* ProfileEntity.swift */; };
		4E8D78932467FB9000853CF3 /* TraineeDetailsViewCellModel.swift in Sources */ = {isa = PBXBuildFile; fileRef = 4E8D77FC2467FB9000853CF3 /* TraineeDetailsViewCellModel.swift */; };
		4E8D78942467FB9000853CF3 /* TraineeDetailsViewCell.xib in Resources */ = {isa = PBXBuildFile; fileRef = 4E8D77FD2467FB9000853CF3 /* TraineeDetailsViewCell.xib */; };
		4E8D78952467FB9000853CF3 /* TraineeDetailsViewCell.swift in Sources */ = {isa = PBXBuildFile; fileRef = 4E8D77FE2467FB9000853CF3 /* TraineeDetailsViewCell.swift */; };
		4E8D78962467FB9000853CF3 /* TraineeTableViewCell.swift in Sources */ = {isa = PBXBuildFile; fileRef = 4E8D77FF2467FB9000853CF3 /* TraineeTableViewCell.swift */; };
		4E8D78972467FB9000853CF3 /* TraineTableViewCell.xib in Resources */ = {isa = PBXBuildFile; fileRef = 4E8D78002467FB9000853CF3 /* TraineTableViewCell.xib */; };
		4E8D78982467FB9000853CF3 /* TraineeTableViewCellModel.swift in Sources */ = {isa = PBXBuildFile; fileRef = 4E8D78012467FB9000853CF3 /* TraineeTableViewCellModel.swift */; };
		4E8D78992467FB9000853CF3 /* HeaderProfileTableViewCell.xib in Resources */ = {isa = PBXBuildFile; fileRef = 4E8D78022467FB9000853CF3 /* HeaderProfileTableViewCell.xib */; };
		4E8D789A2467FB9000853CF3 /* HeaderProfileTableViewCell.swift in Sources */ = {isa = PBXBuildFile; fileRef = 4E8D78032467FB9000853CF3 /* HeaderProfileTableViewCell.swift */; };
		4E8D789B2467FB9000853CF3 /* TopCollectionTableViewCell.xib in Resources */ = {isa = PBXBuildFile; fileRef = 4E8D78052467FB9000853CF3 /* TopCollectionTableViewCell.xib */; };
		4E8D789C2467FB9000853CF3 /* TopCollectionTableViewCell.swift in Sources */ = {isa = PBXBuildFile; fileRef = 4E8D78062467FB9000853CF3 /* TopCollectionTableViewCell.swift */; };
		4E8D789D2467FB9000853CF3 /* CircularProgressTableViewCell.xib in Resources */ = {isa = PBXBuildFile; fileRef = 4E8D78082467FB9000853CF3 /* CircularProgressTableViewCell.xib */; };
		4E8D789E2467FB9000853CF3 /* CircularProgressTableViewCell.swift in Sources */ = {isa = PBXBuildFile; fileRef = 4E8D78092467FB9000853CF3 /* CircularProgressTableViewCell.swift */; };
		4E8D789F2467FB9000853CF3 /* ProfileViewController.xib in Resources */ = {isa = PBXBuildFile; fileRef = 4E8D780A2467FB9000853CF3 /* ProfileViewController.xib */; };
		4E8D78A02467FB9000853CF3 /* ProfileViewController.swift in Sources */ = {isa = PBXBuildFile; fileRef = 4E8D780B2467FB9000853CF3 /* ProfileViewController.swift */; };
		4E8D78A12467FB9000853CF3 /* ProfileInteractor.swift in Sources */ = {isa = PBXBuildFile; fileRef = 4E8D780C2467FB9000853CF3 /* ProfileInteractor.swift */; };
		4E8D78A22467FB9000853CF3 /* AuthorizeAssembly.swift in Sources */ = {isa = PBXBuildFile; fileRef = 4E8D780E2467FB9000853CF3 /* AuthorizeAssembly.swift */; };
		4E8D78A32467FB9000853CF3 /* AuthorizeInteractor.swift in Sources */ = {isa = PBXBuildFile; fileRef = 4E8D780F2467FB9000853CF3 /* AuthorizeInteractor.swift */; };
		4E8D78A42467FB9000853CF3 /* AuthorizeDataProvider.swift in Sources */ = {isa = PBXBuildFile; fileRef = 4E8D78102467FB9000853CF3 /* AuthorizeDataProvider.swift */; };
		4E8D78A52467FB9000853CF3 /* AuthorizeRouter.swift in Sources */ = {isa = PBXBuildFile; fileRef = 4E8D78112467FB9000853CF3 /* AuthorizeRouter.swift */; };
		4E8D78A62467FB9000853CF3 /* DescriptionTableViewCell.xib in Resources */ = {isa = PBXBuildFile; fileRef = 4E8D78142467FB9000853CF3 /* DescriptionTableViewCell.xib */; };
		4E8D78A72467FB9000853CF3 /* ButtonTableViewCell.xib in Resources */ = {isa = PBXBuildFile; fileRef = 4E8D78152467FB9000853CF3 /* ButtonTableViewCell.xib */; };
		4E8D78A82467FB9000853CF3 /* TitleTableViewCell.xib in Resources */ = {isa = PBXBuildFile; fileRef = 4E8D78162467FB9000853CF3 /* TitleTableViewCell.xib */; };
		4E8D78A92467FB9000853CF3 /* ImageTableViewCell.swift in Sources */ = {isa = PBXBuildFile; fileRef = 4E8D78182467FB9000853CF3 /* ImageTableViewCell.swift */; };
		4E8D78AA2467FB9000853CF3 /* ImageTableViewCell.xib in Resources */ = {isa = PBXBuildFile; fileRef = 4E8D78192467FB9000853CF3 /* ImageTableViewCell.xib */; };
		4E8D78AB2467FB9000853CF3 /* DescriptionTableViewCell.swift in Sources */ = {isa = PBXBuildFile; fileRef = 4E8D781A2467FB9000853CF3 /* DescriptionTableViewCell.swift */; };
		4E8D78AC2467FB9000853CF3 /* TitleTableViewCell.swift in Sources */ = {isa = PBXBuildFile; fileRef = 4E8D781B2467FB9000853CF3 /* TitleTableViewCell.swift */; };
		4E8D78AD2467FB9000853CF3 /* TextFieldTableViewCell.xib in Resources */ = {isa = PBXBuildFile; fileRef = 4E8D781C2467FB9000853CF3 /* TextFieldTableViewCell.xib */; };
		4E8D78AE2467FB9000853CF3 /* TextFieldTableViewCell.swift in Sources */ = {isa = PBXBuildFile; fileRef = 4E8D781D2467FB9000853CF3 /* TextFieldTableViewCell.swift */; };
		4E8D78AF2467FB9000853CF3 /* ButtonTableViewCell.swift in Sources */ = {isa = PBXBuildFile; fileRef = 4E8D781E2467FB9000853CF3 /* ButtonTableViewCell.swift */; };
		4E8D78B02467FB9000853CF3 /* AuthorizeViewController.swift in Sources */ = {isa = PBXBuildFile; fileRef = 4E8D781F2467FB9000853CF3 /* AuthorizeViewController.swift */; };
		4E8D78B12467FB9000853CF3 /* AuthorizeViewController.xib in Resources */ = {isa = PBXBuildFile; fileRef = 4E8D78202467FB9000853CF3 /* AuthorizeViewController.xib */; };
		4E8D78B22467FB9000853CF3 /* AuthorizeService.swift in Sources */ = {isa = PBXBuildFile; fileRef = 4E8D78212467FB9000853CF3 /* AuthorizeService.swift */; };
		4E8D78B32467FB9000853CF3 /* AuthorizePresenter.swift in Sources */ = {isa = PBXBuildFile; fileRef = 4E8D78222467FB9000853CF3 /* AuthorizePresenter.swift */; };
		4E8D78B42467FB9000853CF3 /* NewsInteractor.swift in Sources */ = {isa = PBXBuildFile; fileRef = 4E8D78252467FB9000853CF3 /* NewsInteractor.swift */; };
		4E8D78B52467FB9000853CF3 /* NewsDataProvider.swift in Sources */ = {isa = PBXBuildFile; fileRef = 4E8D78262467FB9000853CF3 /* NewsDataProvider.swift */; };
		4E8D78B62467FB9000853CF3 /* NewsRouter.swift in Sources */ = {isa = PBXBuildFile; fileRef = 4E8D78272467FB9000853CF3 /* NewsRouter.swift */; };
		4E8D78B72467FB9000853CF3 /* NewsPresenter.swift in Sources */ = {isa = PBXBuildFile; fileRef = 4E8D78282467FB9000853CF3 /* NewsPresenter.swift */; };
		4E8D78B82467FB9000853CF3 /* NewsAssembly.swift in Sources */ = {isa = PBXBuildFile; fileRef = 4E8D78292467FB9000853CF3 /* NewsAssembly.swift */; };
		4E8D78B92467FB9000853CF3 /* DetailNewsAssembly.swift in Sources */ = {isa = PBXBuildFile; fileRef = 4E8D782B2467FB9000853CF3 /* DetailNewsAssembly.swift */; };
		4E8D78BA2467FB9000853CF3 /* DetailNewsPresenter.swift in Sources */ = {isa = PBXBuildFile; fileRef = 4E8D782C2467FB9000853CF3 /* DetailNewsPresenter.swift */; };
		4E8D78BB2467FB9000853CF3 /* DetailNewsService.swift in Sources */ = {isa = PBXBuildFile; fileRef = 4E8D782D2467FB9000853CF3 /* DetailNewsService.swift */; };
		4E8D78BC2467FB9000853CF3 /* DetailNewsRouter.swift in Sources */ = {isa = PBXBuildFile; fileRef = 4E8D782E2467FB9000853CF3 /* DetailNewsRouter.swift */; };
		4E8D78BD2467FB9000853CF3 /* DetailNewsInteractor.swift in Sources */ = {isa = PBXBuildFile; fileRef = 4E8D782F2467FB9000853CF3 /* DetailNewsInteractor.swift */; };
		4E8D78BE2467FB9000853CF3 /* NewDeviceDescriptionCell.swift in Sources */ = {isa = PBXBuildFile; fileRef = 4E8D78322467FB9000853CF3 /* NewDeviceDescriptionCell.swift */; };
		4E8D78BF2467FB9000853CF3 /* HeaderImageTableViewCell.xib in Resources */ = {isa = PBXBuildFile; fileRef = 4E8D78332467FB9000853CF3 /* HeaderImageTableViewCell.xib */; };
		4E8D78C02467FB9000853CF3 /* HeaderImageTableViewCell.swift in Sources */ = {isa = PBXBuildFile; fileRef = 4E8D78342467FB9000853CF3 /* HeaderImageTableViewCell.swift */; };
		4E8D78C12467FB9000853CF3 /* NewDeviceDescriptionCell.xib in Resources */ = {isa = PBXBuildFile; fileRef = 4E8D78352467FB9000853CF3 /* NewDeviceDescriptionCell.xib */; };
		4E8D78C22467FB9000853CF3 /* DetailNewsViewController.swift in Sources */ = {isa = PBXBuildFile; fileRef = 4E8D78362467FB9000853CF3 /* DetailNewsViewController.swift */; };
		4E8D78C32467FB9000853CF3 /* DetailNewsViewController.xib in Resources */ = {isa = PBXBuildFile; fileRef = 4E8D78372467FB9000853CF3 /* DetailNewsViewController.xib */; };
		4E8D78C42467FB9000853CF3 /* DetailNewsDataProvider.swift in Sources */ = {isa = PBXBuildFile; fileRef = 4E8D78382467FB9000853CF3 /* DetailNewsDataProvider.swift */; };
		4E8D78C52467FB9000853CF3 /* NewsBlockTableViewCell.swift in Sources */ = {isa = PBXBuildFile; fileRef = 4E8D783B2467FB9000853CF3 /* NewsBlockTableViewCell.swift */; };
		4E8D78C62467FB9000853CF3 /* NewsBlockTableViewCell.xib in Resources */ = {isa = PBXBuildFile; fileRef = 4E8D783C2467FB9000853CF3 /* NewsBlockTableViewCell.xib */; };
		4E8D78C72467FB9000853CF3 /* NewsViewController.xib in Resources */ = {isa = PBXBuildFile; fileRef = 4E8D783D2467FB9000853CF3 /* NewsViewController.xib */; };
		4E8D78C82467FB9000853CF3 /* NewsViewController.swift in Sources */ = {isa = PBXBuildFile; fileRef = 4E8D783E2467FB9000853CF3 /* NewsViewController.swift */; };
		4E8D78C92467FB9000853CF3 /* NewsService.swift in Sources */ = {isa = PBXBuildFile; fileRef = 4E8D783F2467FB9000853CF3 /* NewsService.swift */; };
		4E8D78CA2467FB9000853CF3 /* DeviceViewController.swift in Sources */ = {isa = PBXBuildFile; fileRef = 4E8D78412467FB9000853CF3 /* DeviceViewController.swift */; };
		4E8D78CB2467FB9000853CF3 /* Devices.storyboard in Resources */ = {isa = PBXBuildFile; fileRef = 4E8D78422467FB9000853CF3 /* Devices.storyboard */; };
		4E8D78CC2467FB9000853CF3 /* DeviceAssembly.swift in Sources */ = {isa = PBXBuildFile; fileRef = 4E8D78432467FB9000853CF3 /* DeviceAssembly.swift */; };
		4E8D78CD2467FB9000853CF3 /* DataSource.swift in Sources */ = {isa = PBXBuildFile; fileRef = 4E8D78462467FB9000853CF3 /* DataSource.swift */; };
		4E8D78CE2467FB9000853CF3 /* NetworkClient.swift in Sources */ = {isa = PBXBuildFile; fileRef = 4E8D78482467FB9000853CF3 /* NetworkClient.swift */; };
		4E8D78CF2467FB9000853CF3 /* Parameters.swift in Sources */ = {isa = PBXBuildFile; fileRef = 4E8D78492467FB9000853CF3 /* Parameters.swift */; };
		4E8D78D02467FB9000853CF3 /* ErrorHandler.swift in Sources */ = {isa = PBXBuildFile; fileRef = 4E8D784B2467FB9000853CF3 /* ErrorHandler.swift */; };
		4E8D78D12467FB9000853CF3 /* SessionStorage.swift in Sources */ = {isa = PBXBuildFile; fileRef = 4E8D784C2467FB9000853CF3 /* SessionStorage.swift */; };
		4E8D78D22467FB9000853CF3 /* Result.swift in Sources */ = {isa = PBXBuildFile; fileRef = 4E8D784D2467FB9000853CF3 /* Result.swift */; };
		4E8D78D32467FB9000853CF3 /* ParameterEncoding.swift in Sources */ = {isa = PBXBuildFile; fileRef = 4E8D784E2467FB9000853CF3 /* ParameterEncoding.swift */; };
		4E8D78D42467FB9000853CF3 /* RequestBuilder.swift in Sources */ = {isa = PBXBuildFile; fileRef = 4E8D784F2467FB9000853CF3 /* RequestBuilder.swift */; };
		4E8D78D52467FB9000853CF3 /* ErrorType.swift in Sources */ = {isa = PBXBuildFile; fileRef = 4E8D78502467FB9000853CF3 /* ErrorType.swift */; };
		4E8D78D62467FB9000853CF3 /* MultipartData.swift in Sources */ = {isa = PBXBuildFile; fileRef = 4E8D78512467FB9000853CF3 /* MultipartData.swift */; };
		4E8D78D72467FB9000853CF3 /* AppDelegate.swift in Sources */ = {isa = PBXBuildFile; fileRef = 4E8D78522467FB9000853CF3 /* AppDelegate.swift */; };
		4E8D78D82467FB9000853CF3 /* ViewState.swift in Sources */ = {isa = PBXBuildFile; fileRef = 4E8D78542467FB9000853CF3 /* ViewState.swift */; };
		4E8D78D92467FB9000853CF3 /* Protocols.swift in Sources */ = {isa = PBXBuildFile; fileRef = 4E8D78552467FB9000853CF3 /* Protocols.swift */; };
		4E8D78DA2467FB9000853CF3 /* Assets.xcassets in Resources */ = {isa = PBXBuildFile; fileRef = 4E8D78572467FB9000853CF3 /* Assets.xcassets */; };
		4E8D78DB2467FB9000853CF3 /* LaunchScreen.storyboard in Resources */ = {isa = PBXBuildFile; fileRef = 4E8D78582467FB9000853CF3 /* LaunchScreen.storyboard */; };
		4E8D78DD2467FB9000853CF3 /* TransitionManager.swift in Sources */ = {isa = PBXBuildFile; fileRef = 4E8D785D2467FB9000853CF3 /* TransitionManager.swift */; };
		4E8D78DE2467FB9000853CF3 /* CustomTransitionRouter.swift in Sources */ = {isa = PBXBuildFile; fileRef = 4E8D785E2467FB9000853CF3 /* CustomTransitionRouter.swift */; };
		4E8D78DF2467FB9000853CF3 /* SpacesTableViewCell.xib in Resources */ = {isa = PBXBuildFile; fileRef = 4E8D785F2467FB9000853CF3 /* SpacesTableViewCell.xib */; };
		4E8D78E02467FB9000853CF3 /* Extensions+UIView.swift in Sources */ = {isa = PBXBuildFile; fileRef = 4E8D78612467FB9000853CF3 /* Extensions+UIView.swift */; };
		4E8D78E12467FB9000853CF3 /* Extensions+Collections.swift in Sources */ = {isa = PBXBuildFile; fileRef = 4E8D78622467FB9000853CF3 /* Extensions+Collections.swift */; };
		4E8D78E22467FB9000853CF3 /* Extensions+Cells.swift in Sources */ = {isa = PBXBuildFile; fileRef = 4E8D78632467FB9000853CF3 /* Extensions+Cells.swift */; };
		4E8D78E32467FB9000853CF3 /* ServiceUtils.swift in Sources */ = {isa = PBXBuildFile; fileRef = 4E8D78652467FB9000853CF3 /* ServiceUtils.swift */; };
		4E8D78E42467FB9000853CF3 /* JDLayerAnimation.swift in Sources */ = {isa = PBXBuildFile; fileRef = 4E8D786A2467FB9000853CF3 /* JDLayerAnimation.swift */; };
		4E8D78E52467FB9000853CF3 /* JDProgressRoundView.swift in Sources */ = {isa = PBXBuildFile; fileRef = 4E8D786B2467FB9000853CF3 /* JDProgressRoundView.swift */; };
		4E8D78E62467FB9000853CF3 /* JDLayerClass.swift in Sources */ = {isa = PBXBuildFile; fileRef = 4E8D786C2467FB9000853CF3 /* JDLayerClass.swift */; };
		4E8D78E72467FB9000853CF3 /* TabBarViewController.swift in Sources */ = {isa = PBXBuildFile; fileRef = 4E8D786D2467FB9000853CF3 /* TabBarViewController.swift */; };
		4E8D78E82467FB9000853CF3 /* SpacesTableViewCell.swift in Sources */ = {isa = PBXBuildFile; fileRef = 4E8D786E2467FB9000853CF3 /* SpacesTableViewCell.swift */; };
		4E8D78EB2467FD6700853CF3 /* TestingViewController.swift in Sources */ = {isa = PBXBuildFile; fileRef = 4E8D78E92467FD6700853CF3 /* TestingViewController.swift */; };
		4E8D78EC2467FD6700853CF3 /* TestingViewController.xib in Resources */ = {isa = PBXBuildFile; fileRef = 4E8D78EA2467FD6700853CF3 /* TestingViewController.xib */; };
		4E8D78EF2467FD8F00853CF3 /* TestingPresenter.swift in Sources */ = {isa = PBXBuildFile; fileRef = 4E8D78EE2467FD8F00853CF3 /* TestingPresenter.swift */; };
		4E8D78F12467FD9E00853CF3 /* TestingDataProvider.swift in Sources */ = {isa = PBXBuildFile; fileRef = 4E8D78F02467FD9E00853CF3 /* TestingDataProvider.swift */; };
		4E8D78F32467FDAA00853CF3 /* TestingAssembly.swift in Sources */ = {isa = PBXBuildFile; fileRef = 4E8D78F22467FDAA00853CF3 /* TestingAssembly.swift */; };
		4E8D78F52467FDBB00853CF3 /* TestingRouter.swift in Sources */ = {isa = PBXBuildFile; fileRef = 4E8D78F42467FDBB00853CF3 /* TestingRouter.swift */; };
		4E8D78F82467FEDC00853CF3 /* FirstPageTableViewCell.swift in Sources */ = {isa = PBXBuildFile; fileRef = 4E8D78F62467FEDC00853CF3 /* FirstPageTableViewCell.swift */; };
		4E8D78F92467FEDC00853CF3 /* FirstPageTableViewCell.xib in Resources */ = {isa = PBXBuildFile; fileRef = 4E8D78F72467FEDC00853CF3 /* FirstPageTableViewCell.xib */; };
		4E8D78FC2467FEED00853CF3 /* SecondPageTableViewCell.swift in Sources */ = {isa = PBXBuildFile; fileRef = 4E8D78FA2467FEED00853CF3 /* SecondPageTableViewCell.swift */; };
		4E8D78FD2467FEED00853CF3 /* SecondPageTableViewCell.xib in Resources */ = {isa = PBXBuildFile; fileRef = 4E8D78FB2467FEED00853CF3 /* SecondPageTableViewCell.xib */; };
/* End PBXBuildFile section */

/* Begin PBXFileReference section */
		4E8D77CB2467FB9000853CF3 /* LearnService.swift */ = {isa = PBXFileReference; fileEncoding = 4; lastKnownFileType = sourcecode.swift; path = LearnService.swift; sourceTree = "<group>"; };
		4E8D77CC2467FB9000853CF3 /* LearnDataProvider.swift */ = {isa = PBXFileReference; fileEncoding = 4; lastKnownFileType = sourcecode.swift; path = LearnDataProvider.swift; sourceTree = "<group>"; };
		4E8D77CD2467FB9000853CF3 /* LearnInteractor.swift */ = {isa = PBXFileReference; fileEncoding = 4; lastKnownFileType = sourcecode.swift; path = LearnInteractor.swift; sourceTree = "<group>"; };
		4E8D77CE2467FB9000853CF3 /* LearnRouter.swift */ = {isa = PBXFileReference; fileEncoding = 4; lastKnownFileType = sourcecode.swift; path = LearnRouter.swift; sourceTree = "<group>"; };
		4E8D77CF2467FB9000853CF3 /* LearnPresenter.swift */ = {isa = PBXFileReference; fileEncoding = 4; lastKnownFileType = sourcecode.swift; path = LearnPresenter.swift; sourceTree = "<group>"; };
		4E8D77D22467FB9000853CF3 /* AttachedTableViewCell.xib */ = {isa = PBXFileReference; fileEncoding = 4; lastKnownFileType = file.xib; path = AttachedTableViewCell.xib; sourceTree = "<group>"; };
		4E8D77D32467FB9000853CF3 /* DocumentLearnTableViewCell.xib */ = {isa = PBXFileReference; fileEncoding = 4; lastKnownFileType = file.xib; path = DocumentLearnTableViewCell.xib; sourceTree = "<group>"; };
		4E8D77D42467FB9000853CF3 /* ProgrammsTableViewCell.xib */ = {isa = PBXFileReference; fileEncoding = 4; lastKnownFileType = file.xib; path = ProgrammsTableViewCell.xib; sourceTree = "<group>"; };
		4E8D77D52467FB9000853CF3 /* DocumentLearnTableViewCell.swift */ = {isa = PBXFileReference; fileEncoding = 4; lastKnownFileType = sourcecode.swift; path = DocumentLearnTableViewCell.swift; sourceTree = "<group>"; };
		4E8D77D62467FB9000853CF3 /* ProgrammsTableViewCell.swift */ = {isa = PBXFileReference; fileEncoding = 4; lastKnownFileType = sourcecode.swift; path = ProgrammsTableViewCell.swift; sourceTree = "<group>"; };
		4E8D77D72467FB9000853CF3 /* AttachedTableViewCell.swift */ = {isa = PBXFileReference; fileEncoding = 4; lastKnownFileType = sourcecode.swift; path = AttachedTableViewCell.swift; sourceTree = "<group>"; };
		4E8D77D92467FB9000853CF3 /* HeaderLernView.swift */ = {isa = PBXFileReference; fileEncoding = 4; lastKnownFileType = sourcecode.swift; path = HeaderLernView.swift; sourceTree = "<group>"; };
		4E8D77DA2467FB9000853CF3 /* HeaderLearnTableViewCell.xib */ = {isa = PBXFileReference; fileEncoding = 4; lastKnownFileType = file.xib; path = HeaderLearnTableViewCell.xib; sourceTree = "<group>"; };
		4E8D77DB2467FB9000853CF3 /* HeaderLearnTableViewCell.swift */ = {isa = PBXFileReference; fileEncoding = 4; lastKnownFileType = sourcecode.swift; path = HeaderLearnTableViewCell.swift; sourceTree = "<group>"; };
		4E8D77DC2467FB9000853CF3 /* HeaderLearnView.xib */ = {isa = PBXFileReference; fileEncoding = 4; lastKnownFileType = file.xib; path = HeaderLearnView.xib; sourceTree = "<group>"; };
		4E8D77DE2467FB9000853CF3 /* TopCollectionViewCell.xib */ = {isa = PBXFileReference; fileEncoding = 4; lastKnownFileType = file.xib; path = TopCollectionViewCell.xib; sourceTree = "<group>"; };
		4E8D77DF2467FB9000853CF3 /* TopCollectionViewCell.swift */ = {isa = PBXFileReference; fileEncoding = 4; lastKnownFileType = sourcecode.swift; path = TopCollectionViewCell.swift; sourceTree = "<group>"; };
		4E8D77E02467FB9000853CF3 /* LearnViewController.xib */ = {isa = PBXFileReference; fileEncoding = 4; lastKnownFileType = file.xib; path = LearnViewController.xib; sourceTree = "<group>"; };
		4E8D77E12467FB9000853CF3 /* LearnViewController.swift */ = {isa = PBXFileReference; fileEncoding = 4; lastKnownFileType = sourcecode.swift; path = LearnViewController.swift; sourceTree = "<group>"; };
		4E8D77E22467FB9000853CF3 /* LearnAssembly.swift */ = {isa = PBXFileReference; fileEncoding = 4; lastKnownFileType = sourcecode.swift; path = LearnAssembly.swift; sourceTree = "<group>"; };
		4E8D77E42467FB9000853CF3 /* WriteUsDataProvider.swift */ = {isa = PBXFileReference; fileEncoding = 4; lastKnownFileType = sourcecode.swift; path = WriteUsDataProvider.swift; sourceTree = "<group>"; };
		4E8D77E52467FB9000853CF3 /* WriteUsRouter.swift */ = {isa = PBXFileReference; fileEncoding = 4; lastKnownFileType = sourcecode.swift; path = WriteUsRouter.swift; sourceTree = "<group>"; };
		4E8D77E62467FB9000853CF3 /* WriteUsAssembly.swift */ = {isa = PBXFileReference; fileEncoding = 4; lastKnownFileType = sourcecode.swift; path = WriteUsAssembly.swift; sourceTree = "<group>"; };
		4E8D77EA2467FB9000853CF3 /* WUTableViewCell.xib */ = {isa = PBXFileReference; fileEncoding = 4; lastKnownFileType = file.xib; path = WUTableViewCell.xib; sourceTree = "<group>"; };
		4E8D77EB2467FB9000853CF3 /* WUTableViewCell.swift */ = {isa = PBXFileReference; fileEncoding = 4; lastKnownFileType = sourcecode.swift; path = WUTableViewCell.swift; sourceTree = "<group>"; };
		4E8D77EC2467FB9000853CF3 /* WriteUsViewController.swift */ = {isa = PBXFileReference; fileEncoding = 4; lastKnownFileType = sourcecode.swift; path = WriteUsViewController.swift; sourceTree = "<group>"; };
		4E8D77ED2467FB9000853CF3 /* WriteUsViewController.xib */ = {isa = PBXFileReference; fileEncoding = 4; lastKnownFileType = file.xib; path = WriteUsViewController.xib; sourceTree = "<group>"; };
		4E8D77EE2467FB9000853CF3 /* WriteUsInteractor.swift */ = {isa = PBXFileReference; fileEncoding = 4; lastKnownFileType = sourcecode.swift; path = WriteUsInteractor.swift; sourceTree = "<group>"; };
		4E8D77EF2467FB9000853CF3 /* WriteUsService.swift */ = {isa = PBXFileReference; fileEncoding = 4; lastKnownFileType = sourcecode.swift; path = WriteUsService.swift; sourceTree = "<group>"; };
		4E8D77F02467FB9000853CF3 /* WriteUsPresenter.swift */ = {isa = PBXFileReference; fileEncoding = 4; lastKnownFileType = sourcecode.swift; path = WriteUsPresenter.swift; sourceTree = "<group>"; };
		4E8D77F22467FB9000853CF3 /* ProfilePresenter.swift */ = {isa = PBXFileReference; fileEncoding = 4; lastKnownFileType = sourcecode.swift; path = ProfilePresenter.swift; sourceTree = "<group>"; };
		4E8D77F32467FB9000853CF3 /* ProfileRouter.swift */ = {isa = PBXFileReference; fileEncoding = 4; lastKnownFileType = sourcecode.swift; path = ProfileRouter.swift; sourceTree = "<group>"; };
		4E8D77F42467FB9000853CF3 /* ProfileAssembly.swift */ = {isa = PBXFileReference; fileEncoding = 4; lastKnownFileType = sourcecode.swift; path = ProfileAssembly.swift; sourceTree = "<group>"; };
		4E8D77F52467FB9000853CF3 /* ProfileDataProvider.swift */ = {isa = PBXFileReference; fileEncoding = 4; lastKnownFileType = sourcecode.swift; path = ProfileDataProvider.swift; sourceTree = "<group>"; };
		4E8D77F62467FB9000853CF3 /* ProfileService.swift */ = {isa = PBXFileReference; fileEncoding = 4; lastKnownFileType = sourcecode.swift; path = ProfileService.swift; sourceTree = "<group>"; };
		4E8D77F72467FB9000853CF3 /* ProfileEntity.swift */ = {isa = PBXFileReference; fileEncoding = 4; lastKnownFileType = sourcecode.swift; path = ProfileEntity.swift; sourceTree = "<group>"; };
		4E8D77FC2467FB9000853CF3 /* TraineeDetailsViewCellModel.swift */ = {isa = PBXFileReference; fileEncoding = 4; lastKnownFileType = sourcecode.swift; path = TraineeDetailsViewCellModel.swift; sourceTree = "<group>"; };
		4E8D77FD2467FB9000853CF3 /* TraineeDetailsViewCell.xib */ = {isa = PBXFileReference; fileEncoding = 4; lastKnownFileType = file.xib; path = TraineeDetailsViewCell.xib; sourceTree = "<group>"; };
		4E8D77FE2467FB9000853CF3 /* TraineeDetailsViewCell.swift */ = {isa = PBXFileReference; fileEncoding = 4; lastKnownFileType = sourcecode.swift; path = TraineeDetailsViewCell.swift; sourceTree = "<group>"; };
		4E8D77FF2467FB9000853CF3 /* TraineeTableViewCell.swift */ = {isa = PBXFileReference; fileEncoding = 4; lastKnownFileType = sourcecode.swift; path = TraineeTableViewCell.swift; sourceTree = "<group>"; };
		4E8D78002467FB9000853CF3 /* TraineTableViewCell.xib */ = {isa = PBXFileReference; fileEncoding = 4; lastKnownFileType = file.xib; path = TraineTableViewCell.xib; sourceTree = "<group>"; };
		4E8D78012467FB9000853CF3 /* TraineeTableViewCellModel.swift */ = {isa = PBXFileReference; fileEncoding = 4; lastKnownFileType = sourcecode.swift; path = TraineeTableViewCellModel.swift; sourceTree = "<group>"; };
		4E8D78022467FB9000853CF3 /* HeaderProfileTableViewCell.xib */ = {isa = PBXFileReference; fileEncoding = 4; lastKnownFileType = file.xib; path = HeaderProfileTableViewCell.xib; sourceTree = "<group>"; };
		4E8D78032467FB9000853CF3 /* HeaderProfileTableViewCell.swift */ = {isa = PBXFileReference; fileEncoding = 4; lastKnownFileType = sourcecode.swift; path = HeaderProfileTableViewCell.swift; sourceTree = "<group>"; };
		4E8D78052467FB9000853CF3 /* TopCollectionTableViewCell.xib */ = {isa = PBXFileReference; fileEncoding = 4; lastKnownFileType = file.xib; path = TopCollectionTableViewCell.xib; sourceTree = "<group>"; };
		4E8D78062467FB9000853CF3 /* TopCollectionTableViewCell.swift */ = {isa = PBXFileReference; fileEncoding = 4; lastKnownFileType = sourcecode.swift; path = TopCollectionTableViewCell.swift; sourceTree = "<group>"; };
		4E8D78082467FB9000853CF3 /* CircularProgressTableViewCell.xib */ = {isa = PBXFileReference; fileEncoding = 4; lastKnownFileType = file.xib; path = CircularProgressTableViewCell.xib; sourceTree = "<group>"; };
		4E8D78092467FB9000853CF3 /* CircularProgressTableViewCell.swift */ = {isa = PBXFileReference; fileEncoding = 4; lastKnownFileType = sourcecode.swift; path = CircularProgressTableViewCell.swift; sourceTree = "<group>"; };
		4E8D780A2467FB9000853CF3 /* ProfileViewController.xib */ = {isa = PBXFileReference; fileEncoding = 4; lastKnownFileType = file.xib; path = ProfileViewController.xib; sourceTree = "<group>"; };
		4E8D780B2467FB9000853CF3 /* ProfileViewController.swift */ = {isa = PBXFileReference; fileEncoding = 4; lastKnownFileType = sourcecode.swift; path = ProfileViewController.swift; sourceTree = "<group>"; };
		4E8D780C2467FB9000853CF3 /* ProfileInteractor.swift */ = {isa = PBXFileReference; fileEncoding = 4; lastKnownFileType = sourcecode.swift; path = ProfileInteractor.swift; sourceTree = "<group>"; };
		4E8D780E2467FB9000853CF3 /* AuthorizeAssembly.swift */ = {isa = PBXFileReference; fileEncoding = 4; lastKnownFileType = sourcecode.swift; path = AuthorizeAssembly.swift; sourceTree = "<group>"; };
		4E8D780F2467FB9000853CF3 /* AuthorizeInteractor.swift */ = {isa = PBXFileReference; fileEncoding = 4; lastKnownFileType = sourcecode.swift; path = AuthorizeInteractor.swift; sourceTree = "<group>"; };
		4E8D78102467FB9000853CF3 /* AuthorizeDataProvider.swift */ = {isa = PBXFileReference; fileEncoding = 4; lastKnownFileType = sourcecode.swift; path = AuthorizeDataProvider.swift; sourceTree = "<group>"; };
		4E8D78112467FB9000853CF3 /* AuthorizeRouter.swift */ = {isa = PBXFileReference; fileEncoding = 4; lastKnownFileType = sourcecode.swift; path = AuthorizeRouter.swift; sourceTree = "<group>"; };
		4E8D78142467FB9000853CF3 /* DescriptionTableViewCell.xib */ = {isa = PBXFileReference; fileEncoding = 4; lastKnownFileType = file.xib; path = DescriptionTableViewCell.xib; sourceTree = "<group>"; };
		4E8D78152467FB9000853CF3 /* ButtonTableViewCell.xib */ = {isa = PBXFileReference; fileEncoding = 4; lastKnownFileType = file.xib; path = ButtonTableViewCell.xib; sourceTree = "<group>"; };
		4E8D78162467FB9000853CF3 /* TitleTableViewCell.xib */ = {isa = PBXFileReference; fileEncoding = 4; lastKnownFileType = file.xib; path = TitleTableViewCell.xib; sourceTree = "<group>"; };
		4E8D78182467FB9000853CF3 /* ImageTableViewCell.swift */ = {isa = PBXFileReference; fileEncoding = 4; lastKnownFileType = sourcecode.swift; path = ImageTableViewCell.swift; sourceTree = "<group>"; };
		4E8D78192467FB9000853CF3 /* ImageTableViewCell.xib */ = {isa = PBXFileReference; fileEncoding = 4; lastKnownFileType = file.xib; path = ImageTableViewCell.xib; sourceTree = "<group>"; };
		4E8D781A2467FB9000853CF3 /* DescriptionTableViewCell.swift */ = {isa = PBXFileReference; fileEncoding = 4; lastKnownFileType = sourcecode.swift; path = DescriptionTableViewCell.swift; sourceTree = "<group>"; };
		4E8D781B2467FB9000853CF3 /* TitleTableViewCell.swift */ = {isa = PBXFileReference; fileEncoding = 4; lastKnownFileType = sourcecode.swift; path = TitleTableViewCell.swift; sourceTree = "<group>"; };
		4E8D781C2467FB9000853CF3 /* TextFieldTableViewCell.xib */ = {isa = PBXFileReference; fileEncoding = 4; lastKnownFileType = file.xib; path = TextFieldTableViewCell.xib; sourceTree = "<group>"; };
		4E8D781D2467FB9000853CF3 /* TextFieldTableViewCell.swift */ = {isa = PBXFileReference; fileEncoding = 4; lastKnownFileType = sourcecode.swift; path = TextFieldTableViewCell.swift; sourceTree = "<group>"; };
		4E8D781E2467FB9000853CF3 /* ButtonTableViewCell.swift */ = {isa = PBXFileReference; fileEncoding = 4; lastKnownFileType = sourcecode.swift; path = ButtonTableViewCell.swift; sourceTree = "<group>"; };
		4E8D781F2467FB9000853CF3 /* AuthorizeViewController.swift */ = {isa = PBXFileReference; fileEncoding = 4; lastKnownFileType = sourcecode.swift; path = AuthorizeViewController.swift; sourceTree = "<group>"; };
		4E8D78202467FB9000853CF3 /* AuthorizeViewController.xib */ = {isa = PBXFileReference; fileEncoding = 4; lastKnownFileType = file.xib; path = AuthorizeViewController.xib; sourceTree = "<group>"; };
		4E8D78212467FB9000853CF3 /* AuthorizeService.swift */ = {isa = PBXFileReference; fileEncoding = 4; lastKnownFileType = sourcecode.swift; path = AuthorizeService.swift; sourceTree = "<group>"; };
		4E8D78222467FB9000853CF3 /* AuthorizePresenter.swift */ = {isa = PBXFileReference; fileEncoding = 4; lastKnownFileType = sourcecode.swift; path = AuthorizePresenter.swift; sourceTree = "<group>"; };
		4E8D78252467FB9000853CF3 /* NewsInteractor.swift */ = {isa = PBXFileReference; fileEncoding = 4; lastKnownFileType = sourcecode.swift; path = NewsInteractor.swift; sourceTree = "<group>"; };
		4E8D78262467FB9000853CF3 /* NewsDataProvider.swift */ = {isa = PBXFileReference; fileEncoding = 4; lastKnownFileType = sourcecode.swift; path = NewsDataProvider.swift; sourceTree = "<group>"; };
		4E8D78272467FB9000853CF3 /* NewsRouter.swift */ = {isa = PBXFileReference; fileEncoding = 4; lastKnownFileType = sourcecode.swift; path = NewsRouter.swift; sourceTree = "<group>"; };
		4E8D78282467FB9000853CF3 /* NewsPresenter.swift */ = {isa = PBXFileReference; fileEncoding = 4; lastKnownFileType = sourcecode.swift; path = NewsPresenter.swift; sourceTree = "<group>"; };
		4E8D78292467FB9000853CF3 /* NewsAssembly.swift */ = {isa = PBXFileReference; fileEncoding = 4; lastKnownFileType = sourcecode.swift; path = NewsAssembly.swift; sourceTree = "<group>"; };
		4E8D782B2467FB9000853CF3 /* DetailNewsAssembly.swift */ = {isa = PBXFileReference; fileEncoding = 4; lastKnownFileType = sourcecode.swift; path = DetailNewsAssembly.swift; sourceTree = "<group>"; };
		4E8D782C2467FB9000853CF3 /* DetailNewsPresenter.swift */ = {isa = PBXFileReference; fileEncoding = 4; lastKnownFileType = sourcecode.swift; path = DetailNewsPresenter.swift; sourceTree = "<group>"; };
		4E8D782D2467FB9000853CF3 /* DetailNewsService.swift */ = {isa = PBXFileReference; fileEncoding = 4; lastKnownFileType = sourcecode.swift; path = DetailNewsService.swift; sourceTree = "<group>"; };
		4E8D782E2467FB9000853CF3 /* DetailNewsRouter.swift */ = {isa = PBXFileReference; fileEncoding = 4; lastKnownFileType = sourcecode.swift; path = DetailNewsRouter.swift; sourceTree = "<group>"; };
		4E8D782F2467FB9000853CF3 /* DetailNewsInteractor.swift */ = {isa = PBXFileReference; fileEncoding = 4; lastKnownFileType = sourcecode.swift; path = DetailNewsInteractor.swift; sourceTree = "<group>"; };
		4E8D78322467FB9000853CF3 /* NewDeviceDescriptionCell.swift */ = {isa = PBXFileReference; fileEncoding = 4; lastKnownFileType = sourcecode.swift; path = NewDeviceDescriptionCell.swift; sourceTree = "<group>"; };
		4E8D78332467FB9000853CF3 /* HeaderImageTableViewCell.xib */ = {isa = PBXFileReference; fileEncoding = 4; lastKnownFileType = file.xib; path = HeaderImageTableViewCell.xib; sourceTree = "<group>"; };
		4E8D78342467FB9000853CF3 /* HeaderImageTableViewCell.swift */ = {isa = PBXFileReference; fileEncoding = 4; lastKnownFileType = sourcecode.swift; path = HeaderImageTableViewCell.swift; sourceTree = "<group>"; };
		4E8D78352467FB9000853CF3 /* NewDeviceDescriptionCell.xib */ = {isa = PBXFileReference; fileEncoding = 4; lastKnownFileType = file.xib; path = NewDeviceDescriptionCell.xib; sourceTree = "<group>"; };
		4E8D78362467FB9000853CF3 /* DetailNewsViewController.swift */ = {isa = PBXFileReference; fileEncoding = 4; lastKnownFileType = sourcecode.swift; path = DetailNewsViewController.swift; sourceTree = "<group>"; };
		4E8D78372467FB9000853CF3 /* DetailNewsViewController.xib */ = {isa = PBXFileReference; fileEncoding = 4; lastKnownFileType = file.xib; path = DetailNewsViewController.xib; sourceTree = "<group>"; };
		4E8D78382467FB9000853CF3 /* DetailNewsDataProvider.swift */ = {isa = PBXFileReference; fileEncoding = 4; lastKnownFileType = sourcecode.swift; path = DetailNewsDataProvider.swift; sourceTree = "<group>"; };
		4E8D783B2467FB9000853CF3 /* NewsBlockTableViewCell.swift */ = {isa = PBXFileReference; fileEncoding = 4; lastKnownFileType = sourcecode.swift; path = NewsBlockTableViewCell.swift; sourceTree = "<group>"; };
		4E8D783C2467FB9000853CF3 /* NewsBlockTableViewCell.xib */ = {isa = PBXFileReference; fileEncoding = 4; lastKnownFileType = file.xib; path = NewsBlockTableViewCell.xib; sourceTree = "<group>"; };
		4E8D783D2467FB9000853CF3 /* NewsViewController.xib */ = {isa = PBXFileReference; fileEncoding = 4; lastKnownFileType = file.xib; path = NewsViewController.xib; sourceTree = "<group>"; };
		4E8D783E2467FB9000853CF3 /* NewsViewController.swift */ = {isa = PBXFileReference; fileEncoding = 4; lastKnownFileType = sourcecode.swift; path = NewsViewController.swift; sourceTree = "<group>"; };
		4E8D783F2467FB9000853CF3 /* NewsService.swift */ = {isa = PBXFileReference; fileEncoding = 4; lastKnownFileType = sourcecode.swift; path = NewsService.swift; sourceTree = "<group>"; };
		4E8D78412467FB9000853CF3 /* DeviceViewController.swift */ = {isa = PBXFileReference; fileEncoding = 4; lastKnownFileType = sourcecode.swift; path = DeviceViewController.swift; sourceTree = "<group>"; };
		4E8D78422467FB9000853CF3 /* Devices.storyboard */ = {isa = PBXFileReference; fileEncoding = 4; lastKnownFileType = file.storyboard; path = Devices.storyboard; sourceTree = "<group>"; };
		4E8D78432467FB9000853CF3 /* DeviceAssembly.swift */ = {isa = PBXFileReference; fileEncoding = 4; lastKnownFileType = sourcecode.swift; path = DeviceAssembly.swift; sourceTree = "<group>"; };
		4E8D78462467FB9000853CF3 /* DataSource.swift */ = {isa = PBXFileReference; fileEncoding = 4; lastKnownFileType = sourcecode.swift; path = DataSource.swift; sourceTree = "<group>"; };
		4E8D78482467FB9000853CF3 /* NetworkClient.swift */ = {isa = PBXFileReference; fileEncoding = 4; lastKnownFileType = sourcecode.swift; path = NetworkClient.swift; sourceTree = "<group>"; };
		4E8D78492467FB9000853CF3 /* Parameters.swift */ = {isa = PBXFileReference; fileEncoding = 4; lastKnownFileType = sourcecode.swift; path = Parameters.swift; sourceTree = "<group>"; };
		4E8D784B2467FB9000853CF3 /* ErrorHandler.swift */ = {isa = PBXFileReference; fileEncoding = 4; lastKnownFileType = sourcecode.swift; path = ErrorHandler.swift; sourceTree = "<group>"; };
		4E8D784C2467FB9000853CF3 /* SessionStorage.swift */ = {isa = PBXFileReference; fileEncoding = 4; lastKnownFileType = sourcecode.swift; path = SessionStorage.swift; sourceTree = "<group>"; };
		4E8D784D2467FB9000853CF3 /* Result.swift */ = {isa = PBXFileReference; fileEncoding = 4; lastKnownFileType = sourcecode.swift; path = Result.swift; sourceTree = "<group>"; };
		4E8D784E2467FB9000853CF3 /* ParameterEncoding.swift */ = {isa = PBXFileReference; fileEncoding = 4; lastKnownFileType = sourcecode.swift; path = ParameterEncoding.swift; sourceTree = "<group>"; };
		4E8D784F2467FB9000853CF3 /* RequestBuilder.swift */ = {isa = PBXFileReference; fileEncoding = 4; lastKnownFileType = sourcecode.swift; path = RequestBuilder.swift; sourceTree = "<group>"; };
		4E8D78502467FB9000853CF3 /* ErrorType.swift */ = {isa = PBXFileReference; fileEncoding = 4; lastKnownFileType = sourcecode.swift; path = ErrorType.swift; sourceTree = "<group>"; };
		4E8D78512467FB9000853CF3 /* MultipartData.swift */ = {isa = PBXFileReference; fileEncoding = 4; lastKnownFileType = sourcecode.swift; path = MultipartData.swift; sourceTree = "<group>"; };
		4E8D78522467FB9000853CF3 /* AppDelegate.swift */ = {isa = PBXFileReference; fileEncoding = 4; lastKnownFileType = sourcecode.swift; path = AppDelegate.swift; sourceTree = "<group>"; };
		4E8D78542467FB9000853CF3 /* ViewState.swift */ = {isa = PBXFileReference; fileEncoding = 4; lastKnownFileType = sourcecode.swift; path = ViewState.swift; sourceTree = "<group>"; };
		4E8D78552467FB9000853CF3 /* Protocols.swift */ = {isa = PBXFileReference; fileEncoding = 4; lastKnownFileType = sourcecode.swift; path = Protocols.swift; sourceTree = "<group>"; };
		4E8D78572467FB9000853CF3 /* Assets.xcassets */ = {isa = PBXFileReference; lastKnownFileType = folder.assetcatalog; path = Assets.xcassets; sourceTree = "<group>"; };
		4E8D78592467FB9000853CF3 /* Base */ = {isa = PBXFileReference; lastKnownFileType = file.storyboard; name = Base; path = Base.lproj/LaunchScreen.storyboard; sourceTree = "<group>"; };
		4E8D785A2467FB9000853CF3 /* Info.plist */ = {isa = PBXFileReference; fileEncoding = 4; lastKnownFileType = text.plist.xml; path = Info.plist; sourceTree = "<group>"; };
		4E8D785D2467FB9000853CF3 /* TransitionManager.swift */ = {isa = PBXFileReference; fileEncoding = 4; lastKnownFileType = sourcecode.swift; path = TransitionManager.swift; sourceTree = "<group>"; };
		4E8D785E2467FB9000853CF3 /* CustomTransitionRouter.swift */ = {isa = PBXFileReference; fileEncoding = 4; lastKnownFileType = sourcecode.swift; path = CustomTransitionRouter.swift; sourceTree = "<group>"; };
		4E8D785F2467FB9000853CF3 /* SpacesTableViewCell.xib */ = {isa = PBXFileReference; fileEncoding = 4; lastKnownFileType = file.xib; path = SpacesTableViewCell.xib; sourceTree = "<group>"; };
		4E8D78612467FB9000853CF3 /* Extensions+UIView.swift */ = {isa = PBXFileReference; fileEncoding = 4; lastKnownFileType = sourcecode.swift; path = "Extensions+UIView.swift"; sourceTree = "<group>"; };
		4E8D78622467FB9000853CF3 /* Extensions+Collections.swift */ = {isa = PBXFileReference; fileEncoding = 4; lastKnownFileType = sourcecode.swift; path = "Extensions+Collections.swift"; sourceTree = "<group>"; };
		4E8D78632467FB9000853CF3 /* Extensions+Cells.swift */ = {isa = PBXFileReference; fileEncoding = 4; lastKnownFileType = sourcecode.swift; path = "Extensions+Cells.swift"; sourceTree = "<group>"; };
		4E8D78652467FB9000853CF3 /* ServiceUtils.swift */ = {isa = PBXFileReference; fileEncoding = 4; lastKnownFileType = sourcecode.swift; path = ServiceUtils.swift; sourceTree = "<group>"; };
		4E8D786A2467FB9000853CF3 /* JDLayerAnimation.swift */ = {isa = PBXFileReference; fileEncoding = 4; lastKnownFileType = sourcecode.swift; path = JDLayerAnimation.swift; sourceTree = "<group>"; };
		4E8D786B2467FB9000853CF3 /* JDProgressRoundView.swift */ = {isa = PBXFileReference; fileEncoding = 4; lastKnownFileType = sourcecode.swift; path = JDProgressRoundView.swift; sourceTree = "<group>"; };
		4E8D786C2467FB9000853CF3 /* JDLayerClass.swift */ = {isa = PBXFileReference; fileEncoding = 4; lastKnownFileType = sourcecode.swift; path = JDLayerClass.swift; sourceTree = "<group>"; };
		4E8D786D2467FB9000853CF3 /* TabBarViewController.swift */ = {isa = PBXFileReference; fileEncoding = 4; lastKnownFileType = sourcecode.swift; path = TabBarViewController.swift; sourceTree = "<group>"; };
		4E8D786E2467FB9000853CF3 /* SpacesTableViewCell.swift */ = {isa = PBXFileReference; fileEncoding = 4; lastKnownFileType = sourcecode.swift; path = SpacesTableViewCell.swift; sourceTree = "<group>"; };
		4E8D78E92467FD6700853CF3 /* TestingViewController.swift */ = {isa = PBXFileReference; lastKnownFileType = sourcecode.swift; path = TestingViewController.swift; sourceTree = "<group>"; };
		4E8D78EA2467FD6700853CF3 /* TestingViewController.xib */ = {isa = PBXFileReference; lastKnownFileType = file.xib; path = TestingViewController.xib; sourceTree = "<group>"; };
		4E8D78EE2467FD8F00853CF3 /* TestingPresenter.swift */ = {isa = PBXFileReference; lastKnownFileType = sourcecode.swift; path = TestingPresenter.swift; sourceTree = "<group>"; };
		4E8D78F02467FD9E00853CF3 /* TestingDataProvider.swift */ = {isa = PBXFileReference; lastKnownFileType = sourcecode.swift; path = TestingDataProvider.swift; sourceTree = "<group>"; };
		4E8D78F22467FDAA00853CF3 /* TestingAssembly.swift */ = {isa = PBXFileReference; lastKnownFileType = sourcecode.swift; path = TestingAssembly.swift; sourceTree = "<group>"; };
		4E8D78F42467FDBB00853CF3 /* TestingRouter.swift */ = {isa = PBXFileReference; lastKnownFileType = sourcecode.swift; path = TestingRouter.swift; sourceTree = "<group>"; };
		4E8D78F62467FEDC00853CF3 /* FirstPageTableViewCell.swift */ = {isa = PBXFileReference; lastKnownFileType = sourcecode.swift; path = FirstPageTableViewCell.swift; sourceTree = "<group>"; };
		4E8D78F72467FEDC00853CF3 /* FirstPageTableViewCell.xib */ = {isa = PBXFileReference; lastKnownFileType = file.xib; path = FirstPageTableViewCell.xib; sourceTree = "<group>"; };
		4E8D78FA2467FEED00853CF3 /* SecondPageTableViewCell.swift */ = {isa = PBXFileReference; lastKnownFileType = sourcecode.swift; path = SecondPageTableViewCell.swift; sourceTree = "<group>"; };
		4E8D78FB2467FEED00853CF3 /* SecondPageTableViewCell.xib */ = {isa = PBXFileReference; lastKnownFileType = file.xib; path = SecondPageTableViewCell.xib; sourceTree = "<group>"; };
		4ED223092465C980001257D5 /* MTC-AVHack.app */ = {isa = PBXFileReference; explicitFileType = wrapper.application; includeInIndex = 0; path = "MTC-AVHack.app"; sourceTree = BUILT_PRODUCTS_DIR; };
/* End PBXFileReference section */

/* Begin PBXFrameworksBuildPhase section */
		4ED223062465C980001257D5 /* Frameworks */ = {
			isa = PBXFrameworksBuildPhase;
			buildActionMask = 2147483647;
			files = (
			);
			runOnlyForDeploymentPostprocessing = 0;
		};
/* End PBXFrameworksBuildPhase section */

/* Begin PBXGroup section */
		4E8D77C82467FB9000853CF3 /* MTC-AVHack */ = {
			isa = PBXGroup;
			children = (
				4E8D77C92467FB9000853CF3 /* Scenes */,
				4E8D78442467FB9000853CF3 /* Core */,
				4E8D78562467FB9000853CF3 /* Resources */,
				4E8D785B2467FB9000853CF3 /* Utils */,
			);
			path = "MTC-AVHack";
			sourceTree = "<group>";
		};
		4E8D77C92467FB9000853CF3 /* Scenes */ = {
			isa = PBXGroup;
			children = (
				4E8D77CA2467FB9000853CF3 /* LearnModule */,
				4E8D77E32467FB9000853CF3 /* WriteUsModule */,
				4E8D77F12467FB9000853CF3 /* ProfileModule */,
				4E8D780D2467FB9000853CF3 /* AuthorizeModule */,
				4E8D78232467FB9000853CF3 /* New Group */,
				4E8D78242467FB9000853CF3 /* NewsModule */,
				4E8D78402467FB9000853CF3 /* Devices */,
			);
			path = Scenes;
			sourceTree = "<group>";
		};
		4E8D77CA2467FB9000853CF3 /* LearnModule */ = {
			isa = PBXGroup;
			children = (
				4E8D77CB2467FB9000853CF3 /* LearnService.swift */,
				4E8D77CC2467FB9000853CF3 /* LearnDataProvider.swift */,
				4E8D77CD2467FB9000853CF3 /* LearnInteractor.swift */,
				4E8D77CE2467FB9000853CF3 /* LearnRouter.swift */,
				4E8D77CF2467FB9000853CF3 /* LearnPresenter.swift */,
				4E8D77D02467FB9000853CF3 /* View */,
				4E8D77E22467FB9000853CF3 /* LearnAssembly.swift */,
			);
			path = LearnModule;
			sourceTree = "<group>";
		};
		4E8D77D02467FB9000853CF3 /* View */ = {
			isa = PBXGroup;
			children = (
				4E8D77D12467FB9000853CF3 /* Cells */,
				4E8D77DD2467FB9000853CF3 /* TopCollectionCell */,
				4E8D77E02467FB9000853CF3 /* LearnViewController.xib */,
				4E8D77E12467FB9000853CF3 /* LearnViewController.swift */,
			);
			path = View;
			sourceTree = "<group>";
		};
		4E8D77D12467FB9000853CF3 /* Cells */ = {
			isa = PBXGroup;
			children = (
				4E8D77D22467FB9000853CF3 /* AttachedTableViewCell.xib */,
				4E8D77D32467FB9000853CF3 /* DocumentLearnTableViewCell.xib */,
				4E8D77D42467FB9000853CF3 /* ProgrammsTableViewCell.xib */,
				4E8D77D52467FB9000853CF3 /* DocumentLearnTableViewCell.swift */,
				4E8D77D62467FB9000853CF3 /* ProgrammsTableViewCell.swift */,
				4E8D77D72467FB9000853CF3 /* AttachedTableViewCell.swift */,
				4E8D77D82467FB9000853CF3 /* Header */,
			);
			path = Cells;
			sourceTree = "<group>";
		};
		4E8D77D82467FB9000853CF3 /* Header */ = {
			isa = PBXGroup;
			children = (
				4E8D77D92467FB9000853CF3 /* HeaderLernView.swift */,
				4E8D77DA2467FB9000853CF3 /* HeaderLearnTableViewCell.xib */,
				4E8D77DB2467FB9000853CF3 /* HeaderLearnTableViewCell.swift */,
				4E8D77DC2467FB9000853CF3 /* HeaderLearnView.xib */,
			);
			path = Header;
			sourceTree = "<group>";
		};
		4E8D77DD2467FB9000853CF3 /* TopCollectionCell */ = {
			isa = PBXGroup;
			children = (
				4E8D77DE2467FB9000853CF3 /* TopCollectionViewCell.xib */,
				4E8D77DF2467FB9000853CF3 /* TopCollectionViewCell.swift */,
			);
			path = TopCollectionCell;
			sourceTree = "<group>";
		};
		4E8D77E32467FB9000853CF3 /* WriteUsModule */ = {
			isa = PBXGroup;
			children = (
				4E8D77E42467FB9000853CF3 /* WriteUsDataProvider.swift */,
				4E8D77E52467FB9000853CF3 /* WriteUsRouter.swift */,
				4E8D77E62467FB9000853CF3 /* WriteUsAssembly.swift */,
				4E8D77E72467FB9000853CF3 /* View */,
				4E8D77EE2467FB9000853CF3 /* WriteUsInteractor.swift */,
				4E8D77EF2467FB9000853CF3 /* WriteUsService.swift */,
				4E8D77F02467FB9000853CF3 /* WriteUsPresenter.swift */,
			);
			path = WriteUsModule;
			sourceTree = "<group>";
		};
		4E8D77E72467FB9000853CF3 /* View */ = {
			isa = PBXGroup;
			children = (
				4E8D77E82467FB9000853CF3 /* Cells */,
				4E8D77EC2467FB9000853CF3 /* WriteUsViewController.swift */,
				4E8D77ED2467FB9000853CF3 /* WriteUsViewController.xib */,
			);
			path = View;
			sourceTree = "<group>";
		};
		4E8D77E82467FB9000853CF3 /* Cells */ = {
			isa = PBXGroup;
			children = (
				4E8D77E92467FB9000853CF3 /* Title */,
			);
			path = Cells;
			sourceTree = "<group>";
		};
		4E8D77E92467FB9000853CF3 /* Title */ = {
			isa = PBXGroup;
			children = (
				4E8D77EA2467FB9000853CF3 /* WUTableViewCell.xib */,
				4E8D77EB2467FB9000853CF3 /* WUTableViewCell.swift */,
			);
			path = Title;
			sourceTree = "<group>";
		};
		4E8D77F12467FB9000853CF3 /* ProfileModule */ = {
			isa = PBXGroup;
			children = (
				4E8D77F22467FB9000853CF3 /* ProfilePresenter.swift */,
				4E8D77F32467FB9000853CF3 /* ProfileRouter.swift */,
				4E8D77F42467FB9000853CF3 /* ProfileAssembly.swift */,
				4E8D77F52467FB9000853CF3 /* ProfileDataProvider.swift */,
				4E8D77F62467FB9000853CF3 /* ProfileService.swift */,
				4E8D77F72467FB9000853CF3 /* ProfileEntity.swift */,
				4E8D77F82467FB9000853CF3 /* View */,
				4E8D780C2467FB9000853CF3 /* ProfileInteractor.swift */,
			);
			path = ProfileModule;
			sourceTree = "<group>";
		};
		4E8D77F82467FB9000853CF3 /* View */ = {
			isa = PBXGroup;
			children = (
				4E8D77F92467FB9000853CF3 /* Cells */,
				4E8D780A2467FB9000853CF3 /* ProfileViewController.xib */,
				4E8D780B2467FB9000853CF3 /* ProfileViewController.swift */,
			);
			path = View;
			sourceTree = "<group>";
		};
		4E8D77F92467FB9000853CF3 /* Cells */ = {
			isa = PBXGroup;
			children = (
				4E8D77FA2467FB9000853CF3 /* Trainee */,
				4E8D78022467FB9000853CF3 /* HeaderProfileTableViewCell.xib */,
				4E8D78032467FB9000853CF3 /* HeaderProfileTableViewCell.swift */,
				4E8D78042467FB9000853CF3 /* TopCollection */,
				4E8D78072467FB9000853CF3 /* CircularProgress */,
			);
			path = Cells;
			sourceTree = "<group>";
		};
		4E8D77FA2467FB9000853CF3 /* Trainee */ = {
			isa = PBXGroup;
			children = (
				4E8D77FB2467FB9000853CF3 /* TraineeDetails */,
				4E8D77FF2467FB9000853CF3 /* TraineeTableViewCell.swift */,
				4E8D78002467FB9000853CF3 /* TraineTableViewCell.xib */,
				4E8D78012467FB9000853CF3 /* TraineeTableViewCellModel.swift */,
			);
			path = Trainee;
			sourceTree = "<group>";
		};
		4E8D77FB2467FB9000853CF3 /* TraineeDetails */ = {
			isa = PBXGroup;
			children = (
				4E8D77FC2467FB9000853CF3 /* TraineeDetailsViewCellModel.swift */,
				4E8D77FD2467FB9000853CF3 /* TraineeDetailsViewCell.xib */,
				4E8D77FE2467FB9000853CF3 /* TraineeDetailsViewCell.swift */,
			);
			path = TraineeDetails;
			sourceTree = "<group>";
		};
		4E8D78042467FB9000853CF3 /* TopCollection */ = {
			isa = PBXGroup;
			children = (
				4E8D78052467FB9000853CF3 /* TopCollectionTableViewCell.xib */,
				4E8D78062467FB9000853CF3 /* TopCollectionTableViewCell.swift */,
			);
			path = TopCollection;
			sourceTree = "<group>";
		};
		4E8D78072467FB9000853CF3 /* CircularProgress */ = {
			isa = PBXGroup;
			children = (
				4E8D78082467FB9000853CF3 /* CircularProgressTableViewCell.xib */,
				4E8D78092467FB9000853CF3 /* CircularProgressTableViewCell.swift */,
			);
			path = CircularProgress;
			sourceTree = "<group>";
		};
		4E8D780D2467FB9000853CF3 /* AuthorizeModule */ = {
			isa = PBXGroup;
			children = (
				4E8D780E2467FB9000853CF3 /* AuthorizeAssembly.swift */,
				4E8D780F2467FB9000853CF3 /* AuthorizeInteractor.swift */,
				4E8D78102467FB9000853CF3 /* AuthorizeDataProvider.swift */,
				4E8D78112467FB9000853CF3 /* AuthorizeRouter.swift */,
				4E8D78122467FB9000853CF3 /* View */,
				4E8D78212467FB9000853CF3 /* AuthorizeService.swift */,
				4E8D78222467FB9000853CF3 /* AuthorizePresenter.swift */,
			);
			path = AuthorizeModule;
			sourceTree = "<group>";
		};
		4E8D78122467FB9000853CF3 /* View */ = {
			isa = PBXGroup;
			children = (
				4E8D78132467FB9000853CF3 /* Cells */,
				4E8D781F2467FB9000853CF3 /* AuthorizeViewController.swift */,
				4E8D78202467FB9000853CF3 /* AuthorizeViewController.xib */,
			);
			path = View;
			sourceTree = "<group>";
		};
		4E8D78132467FB9000853CF3 /* Cells */ = {
			isa = PBXGroup;
			children = (
				4E8D78142467FB9000853CF3 /* DescriptionTableViewCell.xib */,
				4E8D78152467FB9000853CF3 /* ButtonTableViewCell.xib */,
				4E8D78162467FB9000853CF3 /* TitleTableViewCell.xib */,
				4E8D78172467FB9000853CF3 /* Image */,
				4E8D781A2467FB9000853CF3 /* DescriptionTableViewCell.swift */,
				4E8D781B2467FB9000853CF3 /* TitleTableViewCell.swift */,
				4E8D781C2467FB9000853CF3 /* TextFieldTableViewCell.xib */,
				4E8D781D2467FB9000853CF3 /* TextFieldTableViewCell.swift */,
				4E8D781E2467FB9000853CF3 /* ButtonTableViewCell.swift */,
			);
			path = Cells;
			sourceTree = "<group>";
		};
		4E8D78172467FB9000853CF3 /* Image */ = {
			isa = PBXGroup;
			children = (
				4E8D78182467FB9000853CF3 /* ImageTableViewCell.swift */,
				4E8D78192467FB9000853CF3 /* ImageTableViewCell.xib */,
			);
			path = Image;
			sourceTree = "<group>";
		};
		4E8D78232467FB9000853CF3 /* New Group */ = {
			isa = PBXGroup;
			children = (
				4E8D7902246806C100853CF3 /* Cells */,
				4E8D78E92467FD6700853CF3 /* TestingViewController.swift */,
				4E8D78EA2467FD6700853CF3 /* TestingViewController.xib */,
				4E8D78EE2467FD8F00853CF3 /* TestingPresenter.swift */,
				4E8D78F02467FD9E00853CF3 /* TestingDataProvider.swift */,
				4E8D78F22467FDAA00853CF3 /* TestingAssembly.swift */,
				4E8D78F42467FDBB00853CF3 /* TestingRouter.swift */,
			);
			path = "New Group";
			sourceTree = "<group>";
		};
		4E8D78242467FB9000853CF3 /* NewsModule */ = {
			isa = PBXGroup;
			children = (
				4E8D78252467FB9000853CF3 /* NewsInteractor.swift */,
				4E8D78262467FB9000853CF3 /* NewsDataProvider.swift */,
				4E8D78272467FB9000853CF3 /* NewsRouter.swift */,
				4E8D78282467FB9000853CF3 /* NewsPresenter.swift */,
				4E8D78292467FB9000853CF3 /* NewsAssembly.swift */,
				4E8D782A2467FB9000853CF3 /* DetailNewModule */,
				4E8D78392467FB9000853CF3 /* View */,
				4E8D783F2467FB9000853CF3 /* NewsService.swift */,
			);
			path = NewsModule;
			sourceTree = "<group>";
		};
		4E8D782A2467FB9000853CF3 /* DetailNewModule */ = {
			isa = PBXGroup;
			children = (
				4E8D782B2467FB9000853CF3 /* DetailNewsAssembly.swift */,
				4E8D782C2467FB9000853CF3 /* DetailNewsPresenter.swift */,
				4E8D782D2467FB9000853CF3 /* DetailNewsService.swift */,
				4E8D782E2467FB9000853CF3 /* DetailNewsRouter.swift */,
				4E8D782F2467FB9000853CF3 /* DetailNewsInteractor.swift */,
				4E8D78302467FB9000853CF3 /* View */,
				4E8D78382467FB9000853CF3 /* DetailNewsDataProvider.swift */,
			);
			path = DetailNewModule;
			sourceTree = "<group>";
		};
		4E8D78302467FB9000853CF3 /* View */ = {
			isa = PBXGroup;
			children = (
				4E8D78312467FB9000853CF3 /* Cells */,
				4E8D78362467FB9000853CF3 /* DetailNewsViewController.swift */,
				4E8D78372467FB9000853CF3 /* DetailNewsViewController.xib */,
			);
			path = View;
			sourceTree = "<group>";
		};
		4E8D78312467FB9000853CF3 /* Cells */ = {
			isa = PBXGroup;
			children = (
				4E8D78322467FB9000853CF3 /* NewDeviceDescriptionCell.swift */,
				4E8D78332467FB9000853CF3 /* HeaderImageTableViewCell.xib */,
				4E8D78342467FB9000853CF3 /* HeaderImageTableViewCell.swift */,
				4E8D78352467FB9000853CF3 /* NewDeviceDescriptionCell.xib */,
			);
			path = Cells;
			sourceTree = "<group>";
		};
		4E8D78392467FB9000853CF3 /* View */ = {
			isa = PBXGroup;
			children = (
				4E8D783A2467FB9000853CF3 /* Cells */,
				4E8D783D2467FB9000853CF3 /* NewsViewController.xib */,
				4E8D783E2467FB9000853CF3 /* NewsViewController.swift */,
			);
			path = View;
			sourceTree = "<group>";
		};
		4E8D783A2467FB9000853CF3 /* Cells */ = {
			isa = PBXGroup;
			children = (
				4E8D783B2467FB9000853CF3 /* NewsBlockTableViewCell.swift */,
				4E8D783C2467FB9000853CF3 /* NewsBlockTableViewCell.xib */,
			);
			path = Cells;
			sourceTree = "<group>";
		};
		4E8D78402467FB9000853CF3 /* Devices */ = {
			isa = PBXGroup;
			children = (
				4E8D78412467FB9000853CF3 /* DeviceViewController.swift */,
				4E8D78422467FB9000853CF3 /* Devices.storyboard */,
				4E8D78432467FB9000853CF3 /* DeviceAssembly.swift */,
			);
			path = Devices;
			sourceTree = "<group>";
		};
		4E8D78442467FB9000853CF3 /* Core */ = {
			isa = PBXGroup;
			children = (
				4E8D78452467FB9000853CF3 /* DataSource */,
				4E8D78472467FB9000853CF3 /* SOAP */,
				4E8D78522467FB9000853CF3 /* AppDelegate.swift */,
				4E8D78532467FB9000853CF3 /* Protocols */,
			);
			path = Core;
			sourceTree = "<group>";
		};
		4E8D78452467FB9000853CF3 /* DataSource */ = {
			isa = PBXGroup;
			children = (
				4E8D78462467FB9000853CF3 /* DataSource.swift */,
			);
			path = DataSource;
			sourceTree = "<group>";
		};
		4E8D78472467FB9000853CF3 /* SOAP */ = {
			isa = PBXGroup;
			children = (
				4E8D78482467FB9000853CF3 /* NetworkClient.swift */,
				4E8D78492467FB9000853CF3 /* Parameters.swift */,
				4E8D784A2467FB9000853CF3 /* SessionStorage */,
				4E8D784D2467FB9000853CF3 /* Result.swift */,
				4E8D784E2467FB9000853CF3 /* ParameterEncoding.swift */,
				4E8D784F2467FB9000853CF3 /* RequestBuilder.swift */,
				4E8D78502467FB9000853CF3 /* ErrorType.swift */,
				4E8D78512467FB9000853CF3 /* MultipartData.swift */,
			);
			path = SOAP;
			sourceTree = "<group>";
		};
		4E8D784A2467FB9000853CF3 /* SessionStorage */ = {
			isa = PBXGroup;
			children = (
				4E8D784B2467FB9000853CF3 /* ErrorHandler.swift */,
				4E8D784C2467FB9000853CF3 /* SessionStorage.swift */,
			);
			path = SessionStorage;
			sourceTree = "<group>";
		};
		4E8D78532467FB9000853CF3 /* Protocols */ = {
			isa = PBXGroup;
			children = (
				4E8D78542467FB9000853CF3 /* ViewState.swift */,
				4E8D78552467FB9000853CF3 /* Protocols.swift */,
			);
			path = Protocols;
			sourceTree = "<group>";
		};
		4E8D78562467FB9000853CF3 /* Resources */ = {
			isa = PBXGroup;
			children = (
				4E8D78572467FB9000853CF3 /* Assets.xcassets */,
				4E8D78582467FB9000853CF3 /* LaunchScreen.storyboard */,
				4E8D785A2467FB9000853CF3 /* Info.plist */,
			);
			path = Resources;
			sourceTree = "<group>";
		};
		4E8D785B2467FB9000853CF3 /* Utils */ = {
			isa = PBXGroup;
			children = (
				4E8D785C2467FB9000853CF3 /* CustomTransition */,
				4E8D785F2467FB9000853CF3 /* SpacesTableViewCell.xib */,
				4E8D78602467FB9000853CF3 /* Extensions */,
				4E8D78642467FB9000853CF3 /* ServiceUtils */,
				4E8D78662467FB9000853CF3 /* Views */,
				4E8D786E2467FB9000853CF3 /* SpacesTableViewCell.swift */,
			);
			path = Utils;
			sourceTree = "<group>";
		};
		4E8D785C2467FB9000853CF3 /* CustomTransition */ = {
			isa = PBXGroup;
			children = (
				4E8D785D2467FB9000853CF3 /* TransitionManager.swift */,
				4E8D785E2467FB9000853CF3 /* CustomTransitionRouter.swift */,
			);
			path = CustomTransition;
			sourceTree = "<group>";
		};
		4E8D78602467FB9000853CF3 /* Extensions */ = {
			isa = PBXGroup;
			children = (
				4E8D78612467FB9000853CF3 /* Extensions+UIView.swift */,
				4E8D78622467FB9000853CF3 /* Extensions+Collections.swift */,
				4E8D78632467FB9000853CF3 /* Extensions+Cells.swift */,
			);
			path = Extensions;
			sourceTree = "<group>";
		};
		4E8D78642467FB9000853CF3 /* ServiceUtils */ = {
			isa = PBXGroup;
			children = (
				4E8D78652467FB9000853CF3 /* ServiceUtils.swift */,
			);
			path = ServiceUtils;
			sourceTree = "<group>";
		};
		4E8D78662467FB9000853CF3 /* Views */ = {
			isa = PBXGroup;
			children = (
				4E8D78672467FB9000853CF3 /* Circler */,
				4E8D78692467FB9000853CF3 /* CirclerFilled */,
				4E8D786D2467FB9000853CF3 /* TabBarViewController.swift */,
			);
			path = Views;
			sourceTree = "<group>";
		};
		4E8D78672467FB9000853CF3 /* Circler */ = {
			isa = PBXGroup;
			children = (
				4E8D78682467FB9000853CF3 /* ProgressRoundView */,
			);
			path = Circler;
			sourceTree = "<group>";
		};
		4E8D78682467FB9000853CF3 /* ProgressRoundView */ = {
			isa = PBXGroup;
			children = (
			);
			path = ProgressRoundView;
			sourceTree = "<group>";
		};
		4E8D78692467FB9000853CF3 /* CirclerFilled */ = {
			isa = PBXGroup;
			children = (
				4E8D786A2467FB9000853CF3 /* JDLayerAnimation.swift */,
				4E8D786B2467FB9000853CF3 /* JDProgressRoundView.swift */,
				4E8D786C2467FB9000853CF3 /* JDLayerClass.swift */,
			);
			path = CirclerFilled;
			sourceTree = "<group>";
		};
		4E8D7902246806C100853CF3 /* Cells */ = {
			isa = PBXGroup;
			children = (
				4E8D78F62467FEDC00853CF3 /* FirstPageTableViewCell.swift */,
				4E8D78F72467FEDC00853CF3 /* FirstPageTableViewCell.xib */,
				4E8D78FA2467FEED00853CF3 /* SecondPageTableViewCell.swift */,
				4E8D78FB2467FEED00853CF3 /* SecondPageTableViewCell.xib */,
			);
			path = Cells;
			sourceTree = "<group>";
		};
		4ED223002465C980001257D5 = {
			isa = PBXGroup;
			children = (
				4E8D77C82467FB9000853CF3 /* MTC-AVHack */,
				4ED2230A2465C980001257D5 /* Products */,
			);
			sourceTree = "<group>";
		};
		4ED2230A2465C980001257D5 /* Products */ = {
			isa = PBXGroup;
			children = (
				4ED223092465C980001257D5 /* MTC-AVHack.app */,
			);
			name = Products;
			sourceTree = "<group>";
		};
/* End PBXGroup section */

/* Begin PBXNativeTarget section */
		4ED223082465C980001257D5 /* MTC-AVHack */ = {
			isa = PBXNativeTarget;
			buildConfigurationList = 4ED2231B2465C982001257D5 /* Build configuration list for PBXNativeTarget "MTC-AVHack" */;
			buildPhases = (
				4ED223052465C980001257D5 /* Sources */,
				4ED223062465C980001257D5 /* Frameworks */,
				4ED223072465C980001257D5 /* Resources */,
			);
			buildRules = (
			);
			dependencies = (
			);
			name = "MTC-AVHack";
			productName = "MTC-AVHack";
			productReference = 4ED223092465C980001257D5 /* MTC-AVHack.app */;
			productType = "com.apple.product-type.application";
		};
/* End PBXNativeTarget section */

/* Begin PBXProject section */
		4ED223012465C980001257D5 /* Project object */ = {
			isa = PBXProject;
			attributes = {
				LastSwiftUpdateCheck = 1020;
				LastUpgradeCheck = 1020;
				ORGANIZATIONNAME = "Максим Савченко";
				TargetAttributes = {
					4ED223082465C980001257D5 = {
						CreatedOnToolsVersion = 10.2.1;
					};
				};
			};
			buildConfigurationList = 4ED223042465C980001257D5 /* Build configuration list for PBXProject "MTC-AVHack" */;
			compatibilityVersion = "Xcode 9.3";
			developmentRegion = en;
			hasScannedForEncodings = 0;
			knownRegions = (
				en,
				Base,
			);
			mainGroup = 4ED223002465C980001257D5;
			productRefGroup = 4ED2230A2465C980001257D5 /* Products */;
			projectDirPath = "";
			projectRoot = "";
			targets = (
				4ED223082465C980001257D5 /* MTC-AVHack */,
			);
		};
/* End PBXProject section */

/* Begin PBXResourcesBuildPhase section */
		4ED223072465C980001257D5 /* Resources */ = {
			isa = PBXResourcesBuildPhase;
			buildActionMask = 2147483647;
			files = (
				4E8D78942467FB9000853CF3 /* TraineeDetailsViewCell.xib in Resources */,
				4E8D787E2467FB9000853CF3 /* TopCollectionViewCell.xib in Resources */,
				4E8D78742467FB9000853CF3 /* AttachedTableViewCell.xib in Resources */,
				4E8D789F2467FB9000853CF3 /* ProfileViewController.xib in Resources */,
				4E8D78AA2467FB9000853CF3 /* ImageTableViewCell.xib in Resources */,
				4E8D78EC2467FD6700853CF3 /* TestingViewController.xib in Resources */,
				4E8D78A62467FB9000853CF3 /* DescriptionTableViewCell.xib in Resources */,
				4E8D78C12467FB9000853CF3 /* NewDeviceDescriptionCell.xib in Resources */,
				4E8D78FD2467FEED00853CF3 /* SecondPageTableViewCell.xib in Resources */,
				4E8D78802467FB9000853CF3 /* LearnViewController.xib in Resources */,
				4E8D78AD2467FB9000853CF3 /* TextFieldTableViewCell.xib in Resources */,
				4E8D78BF2467FB9000853CF3 /* HeaderImageTableViewCell.xib in Resources */,
				4E8D78DF2467FB9000853CF3 /* SpacesTableViewCell.xib in Resources */,
				4E8D78B12467FB9000853CF3 /* AuthorizeViewController.xib in Resources */,
				4E8D78A82467FB9000853CF3 /* TitleTableViewCell.xib in Resources */,
				4E8D78C32467FB9000853CF3 /* DetailNewsViewController.xib in Resources */,
				4E8D78C72467FB9000853CF3 /* NewsViewController.xib in Resources */,
				4E8D78C62467FB9000853CF3 /* NewsBlockTableViewCell.xib in Resources */,
				4E8D78992467FB9000853CF3 /* HeaderProfileTableViewCell.xib in Resources */,
				4E8D78A72467FB9000853CF3 /* ButtonTableViewCell.xib in Resources */,
				4E8D78F92467FEDC00853CF3 /* FirstPageTableViewCell.xib in Resources */,
				4E8D78972467FB9000853CF3 /* TraineTableViewCell.xib in Resources */,
				4E8D78DB2467FB9000853CF3 /* LaunchScreen.storyboard in Resources */,
				4E8D78DA2467FB9000853CF3 /* Assets.xcassets in Resources */,
				4E8D78862467FB9000853CF3 /* WUTableViewCell.xib in Resources */,
				4E8D78762467FB9000853CF3 /* ProgrammsTableViewCell.xib in Resources */,
				4E8D78752467FB9000853CF3 /* DocumentLearnTableViewCell.xib in Resources */,
				4E8D78892467FB9000853CF3 /* WriteUsViewController.xib in Resources */,
				4E8D787B2467FB9000853CF3 /* HeaderLearnTableViewCell.xib in Resources */,
				4E8D787D2467FB9000853CF3 /* HeaderLearnView.xib in Resources */,
				4E8D789B2467FB9000853CF3 /* TopCollectionTableViewCell.xib in Resources */,
				4E8D789D2467FB9000853CF3 /* CircularProgressTableViewCell.xib in Resources */,
				4E8D78CB2467FB9000853CF3 /* Devices.storyboard in Resources */,
			);
			runOnlyForDeploymentPostprocessing = 0;
		};
/* End PBXResourcesBuildPhase section */

/* Begin PBXSourcesBuildPhase section */
		4ED223052465C980001257D5 /* Sources */ = {
			isa = PBXSourcesBuildPhase;
			buildActionMask = 2147483647;
			files = (
				4E8D788D2467FB9000853CF3 /* ProfilePresenter.swift in Sources */,
				4E8D788C2467FB9000853CF3 /* WriteUsPresenter.swift in Sources */,
				4E8D78A32467FB9000853CF3 /* AuthorizeInteractor.swift in Sources */,
				4E8D78EF2467FD8F00853CF3 /* TestingPresenter.swift in Sources */,
				4E8D78982467FB9000853CF3 /* TraineeTableViewCellModel.swift in Sources */,
				4E8D78D32467FB9000853CF3 /* ParameterEncoding.swift in Sources */,
				4E8D78A52467FB9000853CF3 /* AuthorizeRouter.swift in Sources */,
				4E8D788A2467FB9000853CF3 /* WriteUsInteractor.swift in Sources */,
				4E8D789C2467FB9000853CF3 /* TopCollectionTableViewCell.swift in Sources */,
				4E8D78822467FB9000853CF3 /* LearnAssembly.swift in Sources */,
				4E8D786F2467FB9000853CF3 /* LearnService.swift in Sources */,
				4E8D78912467FB9000853CF3 /* ProfileService.swift in Sources */,
				4E8D78D22467FB9000853CF3 /* Result.swift in Sources */,
				4E8D78F32467FDAA00853CF3 /* TestingAssembly.swift in Sources */,
				4E8D788B2467FB9000853CF3 /* WriteUsService.swift in Sources */,
				4E8D78B72467FB9000853CF3 /* NewsPresenter.swift in Sources */,
				4E8D78FC2467FEED00853CF3 /* SecondPageTableViewCell.swift in Sources */,
				4E8D787C2467FB9000853CF3 /* HeaderLearnTableViewCell.swift in Sources */,
				4E8D78D92467FB9000853CF3 /* Protocols.swift in Sources */,
				4E8D78D42467FB9000853CF3 /* RequestBuilder.swift in Sources */,
				4E8D78852467FB9000853CF3 /* WriteUsAssembly.swift in Sources */,
				4E8D78F12467FD9E00853CF3 /* TestingDataProvider.swift in Sources */,
				4E8D78902467FB9000853CF3 /* ProfileDataProvider.swift in Sources */,
				4E8D78CF2467FB9000853CF3 /* Parameters.swift in Sources */,
				4E8D78C82467FB9000853CF3 /* NewsViewController.swift in Sources */,
				4E8D78952467FB9000853CF3 /* TraineeDetailsViewCell.swift in Sources */,
				4E8D78E62467FB9000853CF3 /* JDLayerClass.swift in Sources */,
				4E8D788E2467FB9000853CF3 /* ProfileRouter.swift in Sources */,
				4E8D78CD2467FB9000853CF3 /* DataSource.swift in Sources */,
				4E8D78DD2467FB9000853CF3 /* TransitionManager.swift in Sources */,
				4E8D78E12467FB9000853CF3 /* Extensions+Collections.swift in Sources */,
				4E8D78C22467FB9000853CF3 /* DetailNewsViewController.swift in Sources */,
				4E8D78962467FB9000853CF3 /* TraineeTableViewCell.swift in Sources */,
				4E8D78C92467FB9000853CF3 /* NewsService.swift in Sources */,
				4E8D78AC2467FB9000853CF3 /* TitleTableViewCell.swift in Sources */,
				4E8D78BB2467FB9000853CF3 /* DetailNewsService.swift in Sources */,
				4E8D78922467FB9000853CF3 /* ProfileEntity.swift in Sources */,
				4E8D78702467FB9000853CF3 /* LearnDataProvider.swift in Sources */,
				4E8D789A2467FB9000853CF3 /* HeaderProfileTableViewCell.swift in Sources */,
				4E8D78E52467FB9000853CF3 /* JDProgressRoundView.swift in Sources */,
				4E8D78E22467FB9000853CF3 /* Extensions+Cells.swift in Sources */,
				4E8D78BE2467FB9000853CF3 /* NewDeviceDescriptionCell.swift in Sources */,
				4E8D78842467FB9000853CF3 /* WriteUsRouter.swift in Sources */,
				4E8D78C42467FB9000853CF3 /* DetailNewsDataProvider.swift in Sources */,
				4E8D78CC2467FB9000853CF3 /* DeviceAssembly.swift in Sources */,
				4E8D78B32467FB9000853CF3 /* AuthorizePresenter.swift in Sources */,
				4E8D78932467FB9000853CF3 /* TraineeDetailsViewCellModel.swift in Sources */,
				4E8D78712467FB9000853CF3 /* LearnInteractor.swift in Sources */,
				4E8D78B02467FB9000853CF3 /* AuthorizeViewController.swift in Sources */,
				4E8D787A2467FB9000853CF3 /* HeaderLernView.swift in Sources */,
				4E8D78832467FB9000853CF3 /* WriteUsDataProvider.swift in Sources */,
				4E8D78812467FB9000853CF3 /* LearnViewController.swift in Sources */,
				4E8D78AF2467FB9000853CF3 /* ButtonTableViewCell.swift in Sources */,
				4E8D78D12467FB9000853CF3 /* SessionStorage.swift in Sources */,
				4E8D78BA2467FB9000853CF3 /* DetailNewsPresenter.swift in Sources */,
				4E8D78AE2467FB9000853CF3 /* TextFieldTableViewCell.swift in Sources */,
				4E8D78DE2467FB9000853CF3 /* CustomTransitionRouter.swift in Sources */,
				4E8D78722467FB9000853CF3 /* LearnRouter.swift in Sources */,
				4E8D78772467FB9000853CF3 /* DocumentLearnTableViewCell.swift in Sources */,
				4E8D78D02467FB9000853CF3 /* ErrorHandler.swift in Sources */,
				4E8D788F2467FB9000853CF3 /* ProfileAssembly.swift in Sources */,
				4E8D78CE2467FB9000853CF3 /* NetworkClient.swift in Sources */,
				4E8D78E72467FB9000853CF3 /* TabBarViewController.swift in Sources */,
				4E8D78EB2467FD6700853CF3 /* TestingViewController.swift in Sources */,
				4E8D78D82467FB9000853CF3 /* ViewState.swift in Sources */,
				4E8D78782467FB9000853CF3 /* ProgrammsTableViewCell.swift in Sources */,
				4E8D78732467FB9000853CF3 /* LearnPresenter.swift in Sources */,
				4E8D78D62467FB9000853CF3 /* MultipartData.swift in Sources */,
				4E8D78CA2467FB9000853CF3 /* DeviceViewController.swift in Sources */,
				4E8D78B82467FB9000853CF3 /* NewsAssembly.swift in Sources */,
				4E8D78E02467FB9000853CF3 /* Extensions+UIView.swift in Sources */,
				4E8D78A22467FB9000853CF3 /* AuthorizeAssembly.swift in Sources */,
				4E8D78B62467FB9000853CF3 /* NewsRouter.swift in Sources */,
				4E8D78E42467FB9000853CF3 /* JDLayerAnimation.swift in Sources */,
				4E8D78E82467FB9000853CF3 /* SpacesTableViewCell.swift in Sources */,
				4E8D78BD2467FB9000853CF3 /* DetailNewsInteractor.swift in Sources */,
				4E8D78BC2467FB9000853CF3 /* DetailNewsRouter.swift in Sources */,
				4E8D78E32467FB9000853CF3 /* ServiceUtils.swift in Sources */,
				4E8D78F52467FDBB00853CF3 /* TestingRouter.swift in Sources */,
				4E8D78D72467FB9000853CF3 /* AppDelegate.swift in Sources */,
				4E8D78B52467FB9000853CF3 /* NewsDataProvider.swift in Sources */,
				4E8D78B42467FB9000853CF3 /* NewsInteractor.swift in Sources */,
				4E8D78C52467FB9000853CF3 /* NewsBlockTableViewCell.swift in Sources */,
				4E8D78B22467FB9000853CF3 /* AuthorizeService.swift in Sources */,
				4E8D78A42467FB9000853CF3 /* AuthorizeDataProvider.swift in Sources */,
				4E8D78A92467FB9000853CF3 /* ImageTableViewCell.swift in Sources */,
				4E8D78882467FB9000853CF3 /* WriteUsViewController.swift in Sources */,
				4E8D78F82467FEDC00853CF3 /* FirstPageTableViewCell.swift in Sources */,
				4E8D787F2467FB9000853CF3 /* TopCollectionViewCell.swift in Sources */,
				4E8D789E2467FB9000853CF3 /* CircularProgressTableViewCell.swift in Sources */,
				4E8D78A02467FB9000853CF3 /* ProfileViewController.swift in Sources */,
				4E8D78B92467FB9000853CF3 /* DetailNewsAssembly.swift in Sources */,
				4E8D78D52467FB9000853CF3 /* ErrorType.swift in Sources */,
				4E8D78792467FB9000853CF3 /* AttachedTableViewCell.swift in Sources */,
				4E8D78C02467FB9000853CF3 /* HeaderImageTableViewCell.swift in Sources */,
				4E8D78A12467FB9000853CF3 /* ProfileInteractor.swift in Sources */,
				4E8D78AB2467FB9000853CF3 /* DescriptionTableViewCell.swift in Sources */,
				4E8D78872467FB9000853CF3 /* WUTableViewCell.swift in Sources */,
			);
			runOnlyForDeploymentPostprocessing = 0;
		};
/* End PBXSourcesBuildPhase section */

/* Begin PBXVariantGroup section */
		4E8D78582467FB9000853CF3 /* LaunchScreen.storyboard */ = {
			isa = PBXVariantGroup;
			children = (
				4E8D78592467FB9000853CF3 /* Base */,
			);
			name = LaunchScreen.storyboard;
			sourceTree = "<group>";
		};
/* End PBXVariantGroup section */

/* Begin XCBuildConfiguration section */
		4ED223192465C982001257D5 /* Debug */ = {
			isa = XCBuildConfiguration;
			buildSettings = {
				ALWAYS_SEARCH_USER_PATHS = NO;
				CLANG_ANALYZER_NONNULL = YES;
				CLANG_ANALYZER_NUMBER_OBJECT_CONVERSION = YES_AGGRESSIVE;
				CLANG_CXX_LANGUAGE_STANDARD = "gnu++14";
				CLANG_CXX_LIBRARY = "libc++";
				CLANG_ENABLE_MODULES = YES;
				CLANG_ENABLE_OBJC_ARC = YES;
				CLANG_ENABLE_OBJC_WEAK = YES;
				CLANG_WARN_BLOCK_CAPTURE_AUTORELEASING = YES;
				CLANG_WARN_BOOL_CONVERSION = YES;
				CLANG_WARN_COMMA = YES;
				CLANG_WARN_CONSTANT_CONVERSION = YES;
				CLANG_WARN_DEPRECATED_OBJC_IMPLEMENTATIONS = YES;
				CLANG_WARN_DIRECT_OBJC_ISA_USAGE = YES_ERROR;
				CLANG_WARN_DOCUMENTATION_COMMENTS = YES;
				CLANG_WARN_EMPTY_BODY = YES;
				CLANG_WARN_ENUM_CONVERSION = YES;
				CLANG_WARN_INFINITE_RECURSION = YES;
				CLANG_WARN_INT_CONVERSION = YES;
				CLANG_WARN_NON_LITERAL_NULL_CONVERSION = YES;
				CLANG_WARN_OBJC_IMPLICIT_RETAIN_SELF = YES;
				CLANG_WARN_OBJC_LITERAL_CONVERSION = YES;
				CLANG_WARN_OBJC_ROOT_CLASS = YES_ERROR;
				CLANG_WARN_RANGE_LOOP_ANALYSIS = YES;
				CLANG_WARN_STRICT_PROTOTYPES = YES;
				CLANG_WARN_SUSPICIOUS_MOVE = YES;
				CLANG_WARN_UNGUARDED_AVAILABILITY = YES_AGGRESSIVE;
				CLANG_WARN_UNREACHABLE_CODE = YES;
				CLANG_WARN__DUPLICATE_METHOD_MATCH = YES;
				CODE_SIGN_IDENTITY = "iPhone Developer";
				COPY_PHASE_STRIP = NO;
				DEBUG_INFORMATION_FORMAT = dwarf;
				ENABLE_STRICT_OBJC_MSGSEND = YES;
				ENABLE_TESTABILITY = YES;
				GCC_C_LANGUAGE_STANDARD = gnu11;
				GCC_DYNAMIC_NO_PIC = NO;
				GCC_NO_COMMON_BLOCKS = YES;
				GCC_OPTIMIZATION_LEVEL = 0;
				GCC_PREPROCESSOR_DEFINITIONS = (
					"DEBUG=1",
					"$(inherited)",
				);
				GCC_WARN_64_TO_32_BIT_CONVERSION = YES;
				GCC_WARN_ABOUT_RETURN_TYPE = YES_ERROR;
				GCC_WARN_UNDECLARED_SELECTOR = YES;
				GCC_WARN_UNINITIALIZED_AUTOS = YES_AGGRESSIVE;
				GCC_WARN_UNUSED_FUNCTION = YES;
				GCC_WARN_UNUSED_VARIABLE = YES;
				IPHONEOS_DEPLOYMENT_TARGET = 12.2;
				MTL_ENABLE_DEBUG_INFO = INCLUDE_SOURCE;
				MTL_FAST_MATH = YES;
				ONLY_ACTIVE_ARCH = YES;
				SDKROOT = iphoneos;
				SWIFT_ACTIVE_COMPILATION_CONDITIONS = DEBUG;
				SWIFT_OPTIMIZATION_LEVEL = "-Onone";
			};
			name = Debug;
		};
		4ED2231A2465C982001257D5 /* Release */ = {
			isa = XCBuildConfiguration;
			buildSettings = {
				ALWAYS_SEARCH_USER_PATHS = NO;
				CLANG_ANALYZER_NONNULL = YES;
				CLANG_ANALYZER_NUMBER_OBJECT_CONVERSION = YES_AGGRESSIVE;
				CLANG_CXX_LANGUAGE_STANDARD = "gnu++14";
				CLANG_CXX_LIBRARY = "libc++";
				CLANG_ENABLE_MODULES = YES;
				CLANG_ENABLE_OBJC_ARC = YES;
				CLANG_ENABLE_OBJC_WEAK = YES;
				CLANG_WARN_BLOCK_CAPTURE_AUTORELEASING = YES;
				CLANG_WARN_BOOL_CONVERSION = YES;
				CLANG_WARN_COMMA = YES;
				CLANG_WARN_CONSTANT_CONVERSION = YES;
				CLANG_WARN_DEPRECATED_OBJC_IMPLEMENTATIONS = YES;
				CLANG_WARN_DIRECT_OBJC_ISA_USAGE = YES_ERROR;
				CLANG_WARN_DOCUMENTATION_COMMENTS = YES;
				CLANG_WARN_EMPTY_BODY = YES;
				CLANG_WARN_ENUM_CONVERSION = YES;
				CLANG_WARN_INFINITE_RECURSION = YES;
				CLANG_WARN_INT_CONVERSION = YES;
				CLANG_WARN_NON_LITERAL_NULL_CONVERSION = YES;
				CLANG_WARN_OBJC_IMPLICIT_RETAIN_SELF = YES;
				CLANG_WARN_OBJC_LITERAL_CONVERSION = YES;
				CLANG_WARN_OBJC_ROOT_CLASS = YES_ERROR;
				CLANG_WARN_RANGE_LOOP_ANALYSIS = YES;
				CLANG_WARN_STRICT_PROTOTYPES = YES;
				CLANG_WARN_SUSPICIOUS_MOVE = YES;
				CLANG_WARN_UNGUARDED_AVAILABILITY = YES_AGGRESSIVE;
				CLANG_WARN_UNREACHABLE_CODE = YES;
				CLANG_WARN__DUPLICATE_METHOD_MATCH = YES;
				CODE_SIGN_IDENTITY = "iPhone Developer";
				COPY_PHASE_STRIP = NO;
				DEBUG_INFORMATION_FORMAT = "dwarf-with-dsym";
				ENABLE_NS_ASSERTIONS = NO;
				ENABLE_STRICT_OBJC_MSGSEND = YES;
				GCC_C_LANGUAGE_STANDARD = gnu11;
				GCC_NO_COMMON_BLOCKS = YES;
				GCC_WARN_64_TO_32_BIT_CONVERSION = YES;
				GCC_WARN_ABOUT_RETURN_TYPE = YES_ERROR;
				GCC_WARN_UNDECLARED_SELECTOR = YES;
				GCC_WARN_UNINITIALIZED_AUTOS = YES_AGGRESSIVE;
				GCC_WARN_UNUSED_FUNCTION = YES;
				GCC_WARN_UNUSED_VARIABLE = YES;
				IPHONEOS_DEPLOYMENT_TARGET = 12.2;
				MTL_ENABLE_DEBUG_INFO = NO;
				MTL_FAST_MATH = YES;
				SDKROOT = iphoneos;
				SWIFT_COMPILATION_MODE = wholemodule;
				SWIFT_OPTIMIZATION_LEVEL = "-O";
				VALIDATE_PRODUCT = YES;
			};
			name = Release;
		};
		4ED2231C2465C982001257D5 /* Debug */ = {
			isa = XCBuildConfiguration;
			buildSettings = {
				ASSETCATALOG_COMPILER_APPICON_NAME = AppIcon;
				CODE_SIGN_STYLE = Automatic;
				DEVELOPMENT_TEAM = TP2G3X3LEY;
				INFOPLIST_FILE = "$(SRCROOT)/MTC-AVHack/Resources/Info.plist";
				LD_RUNPATH_SEARCH_PATHS = (
					"$(inherited)",
					"@executable_path/Frameworks",
				);
				PRODUCT_BUNDLE_IDENTIFIER = "progress.MTC-AVHack";
				PRODUCT_NAME = "$(TARGET_NAME)";
				SWIFT_VERSION = 5.0;
				TARGETED_DEVICE_FAMILY = "1,2";
			};
			name = Debug;
		};
		4ED2231D2465C982001257D5 /* Release */ = {
			isa = XCBuildConfiguration;
			buildSettings = {
				ASSETCATALOG_COMPILER_APPICON_NAME = AppIcon;
				CODE_SIGN_STYLE = Automatic;
				DEVELOPMENT_TEAM = TP2G3X3LEY;
				INFOPLIST_FILE = "$(SRCROOT)/MTC-AVHack/Resources/Info.plist";
				LD_RUNPATH_SEARCH_PATHS = (
					"$(inherited)",
					"@executable_path/Frameworks",
				);
				PRODUCT_BUNDLE_IDENTIFIER = "progress.MTC-AVHack";
				PRODUCT_NAME = "$(TARGET_NAME)";
				SWIFT_VERSION = 5.0;
				TARGETED_DEVICE_FAMILY = "1,2";
			};
			name = Release;
		};
/* End XCBuildConfiguration section */

/* Begin XCConfigurationList section */
		4ED223042465C980001257D5 /* Build configuration list for PBXProject "MTC-AVHack" */ = {
			isa = XCConfigurationList;
			buildConfigurations = (
				4ED223192465C982001257D5 /* Debug */,
				4ED2231A2465C982001257D5 /* Release */,
			);
			defaultConfigurationIsVisible = 0;
			defaultConfigurationName = Release;
		};
		4ED2231B2465C982001257D5 /* Build configuration list for PBXNativeTarget "MTC-AVHack" */ = {
			isa = XCConfigurationList;
			buildConfigurations = (
				4ED2231C2465C982001257D5 /* Debug */,
				4ED2231D2465C982001257D5 /* Release */,
			);
			defaultConfigurationIsVisible = 0;
			defaultConfigurationName = Release;
		};
/* End XCConfigurationList section */
	};
	rootObject = 4ED223012465C980001257D5 /* Project object */;
}
